PODS:
  - BlockiesSwift (0.1.2)
  - SwipeCellKit (2.7.1)

DEPENDENCIES:
  - BlockiesSwift
  - SwipeCellKit

SPEC REPOS:
  https://github.com/CocoaPods/Specs.git:
    - BlockiesSwift
    - SwipeCellKit

SPEC CHECKSUMS:
  BlockiesSwift: 22d8d56dd187e6bfd16cb8c8fbd4fd4896c3e65d
  SwipeCellKit: 3972254a826da74609926daf59b08d6c72e619ea

PODFILE CHECKSUM: 0040a079bfa498f72b8447011e1c1799c5f7a250

COCOAPODS: 1.8.4
