// !$*UTF8*$!
{
	archiveVersion = 1;
	classes = {
	};
	objectVersion = 51;
	objects = {

/* Begin PBXBuildFile section */
		4E766FB2BBF9176550BB45F9 /* Pods_ios.framework in Frameworks */ = {isa = PBXBuildFile; fileRef = 45C0F287A16E70CE8A23A2EB /* Pods_ios.framework */; };
		8307D803257835880054FDDE /* Tschess.storyboard in Resources */ = {isa = PBXBuildFile; fileRef = 8307D802257835880054FDDE /* Tschess.storyboard */; };
		8307D80725784D990054FDDE /* Snapshot.storyboard in Resources */ = {isa = PBXBuildFile; fileRef = 8307D80625784D990054FDDE /* Snapshot.storyboard */; };
		83085F28248048CD00D31CF0 /* NoteKey.swift in Sources */ = {isa = PBXBuildFile; fileRef = 83085F27248048CD00D31CF0 /* NoteKey.swift */; };
		830946872566D767003A1B9A /* Home.storyboard in Resources */ = {isa = PBXBuildFile; fileRef = 830946862566D767003A1B9A /* Home.storyboard */; };
		83295C472475C2DE00820C6C /* GetTimeout.swift in Sources */ = {isa = PBXBuildFile; fileRef = 83295C462475C2DE00820C6C /* GetTimeout.swift */; };
		83510E012581519600544DA6 /* PopInvite.swift in Sources */ = {isa = PBXBuildFile; fileRef = 83510E002581519600544DA6 /* PopInvite.swift */; };
		83510E03258151A300544DA6 /* PopInvite.storyboard in Resources */ = {isa = PBXBuildFile; fileRef = 83510E02258151A300544DA6 /* PopInvite.storyboard */; };
		8358928224BE65A0004F9703 /* UpdatePush.swift in Sources */ = {isa = PBXBuildFile; fileRef = 8358928124BE65A0004F9703 /* UpdatePush.swift */; };
		835C1885256D68D300390AE8 /* HeaderSnapshot.xib in Resources */ = {isa = PBXBuildFile; fileRef = 835C1884256D68D300390AE8 /* HeaderSnapshot.xib */; };
		835C18872571573000390AE8 /* HeaderSnapshot.swift in Sources */ = {isa = PBXBuildFile; fileRef = 835C18862571573000390AE8 /* HeaderSnapshot.swift */; };
		835EE0C025896FC90064424F /* RequestLogin.swift in Sources */ = {isa = PBXBuildFile; fileRef = 835EE0BF25896FC90064424F /* RequestLogin.swift */; };
		835FADA524F00A910080A194 /* Countdown.swift in Sources */ = {isa = PBXBuildFile; fileRef = 835FADA424F00A910080A194 /* Countdown.swift */; };
		836267B0258BBBA900A37A29 /* Product.swift in Sources */ = {isa = PBXBuildFile; fileRef = 836267AF258BBBA900A37A29 /* Product.swift */; };
		836267B2258BBBDD00A37A29 /* InAppPurchase.swift in Sources */ = {isa = PBXBuildFile; fileRef = 836267B1258BBBDD00A37A29 /* InAppPurchase.swift */; };
		8375E1E9256C0963001809FF /* Opponent.xib in Resources */ = {isa = PBXBuildFile; fileRef = 8375E1E8256C0963001809FF /* Opponent.xib */; };
		8375E1EB256C0AE9001809FF /* Opponent.swift in Sources */ = {isa = PBXBuildFile; fileRef = 8375E1EA256C0AE9001809FF /* Opponent.swift */; };
		837612742589157A00C527D3 /* PopPurchase.storyboard in Resources */ = {isa = PBXBuildFile; fileRef = 837612732589157A00C527D3 /* PopPurchase.storyboard */; };
		83761276258919C400C527D3 /* PopPurchase.swift in Sources */ = {isa = PBXBuildFile; fileRef = 83761275258919C400C527D3 /* PopPurchase.swift */; };
		8379820A24F05EE000254FBD /* Highlighter.swift in Sources */ = {isa = PBXBuildFile; fileRef = 8379820924F05EE000254FBD /* Highlighter.swift */; };
		8385908C24F98AD600BBC11C /* TransDelegate.swift in Sources */ = {isa = PBXBuildFile; fileRef = 8385908B24F98AD600BBC11C /* TransDelegate.swift */; };
		8385908E24F98B2A00BBC11C /* Presenter.swift in Sources */ = {isa = PBXBuildFile; fileRef = 8385908D24F98B2A00BBC11C /* Presenter.swift */; };
		83872647257EE9F700F62288 /* RequestAck.swift in Sources */ = {isa = PBXBuildFile; fileRef = 83872646257EE9F700F62288 /* RequestAck.swift */; };
		83872649257EEAE300F62288 /* RequestChallenge.swift in Sources */ = {isa = PBXBuildFile; fileRef = 83872648257EEAE300F62288 /* RequestChallenge.swift */; };
		8387264B257EEBF700F62288 /* UpdateRescind.swift in Sources */ = {isa = PBXBuildFile; fileRef = 8387264A257EEBF700F62288 /* UpdateRescind.swift */; };
		8387264D257EEC3200F62288 /* UpdateNack.swift in Sources */ = {isa = PBXBuildFile; fileRef = 8387264C257EEC3200F62288 /* UpdateNack.swift */; };
		83ACC6932500143900D394D0 /* PopPromo.swift in Sources */ = {isa = PBXBuildFile; fileRef = 83ACC6922500143900D394D0 /* PopPromo.swift */; };
		83ACC6952500145200D394D0 /* PopPromo.storyboard in Resources */ = {isa = PBXBuildFile; fileRef = 83ACC6942500145200D394D0 /* PopPromo.storyboard */; };
		83ACC6A82500173F00D394D0 /* UpdateConfirm.swift in Sources */ = {isa = PBXBuildFile; fileRef = 83ACC6A72500173F00D394D0 /* UpdateConfirm.swift */; };
		83B72B85256716C400FA5D8F /* Header.xib in Resources */ = {isa = PBXBuildFile; fileRef = 83B72B84256716C400FA5D8F /* Header.xib */; };
		83B72B892567190600FA5D8F /* Header.swift in Sources */ = {isa = PBXBuildFile; fileRef = 83B72B882567190600FA5D8F /* Header.swift */; };
		83D6E87A24F042810071D779 /* Labeler.swift in Sources */ = {isa = PBXBuildFile; fileRef = 83D6E87924F042810071D779 /* Labeler.swift */; };
		83D758EC24CA0E79008DC4B5 /* CoreStart.swift in Sources */ = {isa = PBXBuildFile; fileRef = 83D758EB24CA0E79008DC4B5 /* CoreStart.swift */; };
		83DFCF7825795948007088E5 /* Profile.storyboard in Resources */ = {isa = PBXBuildFile; fileRef = 83DFCF7725795948007088E5 /* Profile.storyboard */; };
		83DFCF7A25797492007088E5 /* Config.storyboard in Resources */ = {isa = PBXBuildFile; fileRef = 83DFCF7925797492007088E5 /* Config.storyboard */; };
		83DFCF7D25797DC3007088E5 /* Leaderboard.storyboard in Resources */ = {isa = PBXBuildFile; fileRef = 83DFCF7C25797DC3007088E5 /* Leaderboard.storyboard */; };
		83DFCF7F25797DD5007088E5 /* Leaderboard.swift in Sources */ = {isa = PBXBuildFile; fileRef = 83DFCF7E25797DD5007088E5 /* Leaderboard.swift */; };
		83DFCF812579812B007088E5 /* LeaderboardTable.swift in Sources */ = {isa = PBXBuildFile; fileRef = 83DFCF802579812B007088E5 /* LeaderboardTable.swift */; };
		83DFCF832579813E007088E5 /* LeaderboardCell.swift in Sources */ = {isa = PBXBuildFile; fileRef = 83DFCF822579813E007088E5 /* LeaderboardCell.swift */; };
		83DFCF85257ADDBE007088E5 /* Fairies.storyboard in Resources */ = {isa = PBXBuildFile; fileRef = 83DFCF84257ADDBE007088E5 /* Fairies.storyboard */; };
		83DFCF87257AEB56007088E5 /* Edit.storyboard in Resources */ = {isa = PBXBuildFile; fileRef = 83DFCF86257AEB56007088E5 /* Edit.storyboard */; };
		B7021F9823FE5D8F00C9346A /* Other.storyboard in Resources */ = {isa = PBXBuildFile; fileRef = B7021F9723FE5D8F00C9346A /* Other.storyboard */; };
		B70577F0234BD0A500A9E2CA /* TschessTests.swift in Sources */ = {isa = PBXBuildFile; fileRef = B70577EF234BD0A500A9E2CA /* TschessTests.swift */; };
		B708D0DD236B351000A899F9 /* Init.swift in Sources */ = {isa = PBXBuildFile; fileRef = B708D0DC236B351000A899F9 /* Init.swift */; };
		B708D0E7236B366800A899F9 /* LaunchScreen.storyboard in Resources */ = {isa = PBXBuildFile; fileRef = B708D0E6236B366800A899F9 /* LaunchScreen.storyboard */; };
		B708D0E9236B369D00A899F9 /* Start.swift in Sources */ = {isa = PBXBuildFile; fileRef = B708D0E8236B369D00A899F9 /* Start.swift */; };
		B70A86CB2370989000D303F0 /* ServerAddress.swift in Sources */ = {isa = PBXBuildFile; fileRef = B70A86CA2370989000D303F0 /* ServerAddress.swift */; };
		B70F0C0D22EBC075001415AE /* AppDelegate.swift in Sources */ = {isa = PBXBuildFile; fileRef = B70F0C0C22EBC075001415AE /* AppDelegate.swift */; };
		B73410EE2408CFA20065B1AA /* UpdateMine.swift in Sources */ = {isa = PBXBuildFile; fileRef = B73410ED2408CFA20065B1AA /* UpdateMine.swift */; };
		B745AD3523F353BF00E450EF /* RequestCreate.swift in Sources */ = {isa = PBXBuildFile; fileRef = B745AD3423F353BF00E450EF /* RequestCreate.swift */; };
		B771364E23F1C118007F0962 /* UpdateCheck.swift in Sources */ = {isa = PBXBuildFile; fileRef = B771364D23F1C118007F0962 /* UpdateCheck.swift */; };
		B771365223F1D5CF007F0962 /* MovementKing.swift in Sources */ = {isa = PBXBuildFile; fileRef = B771365123F1D5CF007F0962 /* MovementKing.swift */; };
		B771365423F222AF007F0962 /* UpdateMate.swift in Sources */ = {isa = PBXBuildFile; fileRef = B771365323F222AF007F0962 /* UpdateMate.swift */; };
		B787C73122E970DD009C94F7 /* Assets.xcassets in Resources */ = {isa = PBXBuildFile; fileRef = B787C73022E970DD009C94F7 /* Assets.xcassets */; };
		B787C73F22E970DD009C94F7 /* iosTests.swift in Sources */ = {isa = PBXBuildFile; fileRef = B787C73E22E970DD009C94F7 /* iosTests.swift */; };
		B787C74A22E970DD009C94F7 /* iosUITests.swift in Sources */ = {isa = PBXBuildFile; fileRef = B787C74922E970DD009C94F7 /* iosUITests.swift */; };
		B79D05DB2410272500B8A889 /* Const.swift in Sources */ = {isa = PBXBuildFile; fileRef = B79D05DA2410272500B8A889 /* Const.swift */; };
		B7A6B8AD240D9B2300840156 /* RequestActual.swift in Sources */ = {isa = PBXBuildFile; fileRef = B7A6B8AC240D9B2300840156 /* RequestActual.swift */; };
		B7AF787323E0B9DA00BAD8EC /* RequestPage.swift in Sources */ = {isa = PBXBuildFile; fileRef = B7AF787223E0B9DA00BAD8EC /* RequestPage.swift */; };
		B7BE115D23EA4FBE00ADA499 /* ParsePlayer.swift in Sources */ = {isa = PBXBuildFile; fileRef = B7BE115C23EA4FBE00ADA499 /* ParsePlayer.swift */; };
		B7BE116023EA71D100ADA499 /* Other.swift in Sources */ = {isa = PBXBuildFile; fileRef = B7BE115F23EA71D100ADA499 /* Other.swift */; };
		B7BE116523EA727200ADA499 /* OtherTable.swift in Sources */ = {isa = PBXBuildFile; fileRef = B7BE116423EA727100ADA499 /* OtherTable.swift */; };
		B7BE116723EA73DC00ADA499 /* OtherCell.swift in Sources */ = {isa = PBXBuildFile; fileRef = B7BE116623EA73DC00ADA499 /* OtherCell.swift */; };
		B7BE116C23EA750B00ADA499 /* ParseGame.swift in Sources */ = {isa = PBXBuildFile; fileRef = B7BE116B23EA750B00ADA499 /* ParseGame.swift */; };
		B7BE116F23EA91CD00ADA499 /* Snapshot.swift in Sources */ = {isa = PBXBuildFile; fileRef = B7BE116E23EA91CD00ADA499 /* Snapshot.swift */; };
		B7BE117523EA930F00ADA499 /* Piece.swift in Sources */ = {isa = PBXBuildFile; fileRef = B7BE117423EA930F00ADA499 /* Piece.swift */; };
		B7BE117723EA93A600ADA499 /* PieceAnte.swift in Sources */ = {isa = PBXBuildFile; fileRef = B7BE117623EA93A600ADA499 /* PieceAnte.swift */; };
		B7BE11A223EA965B00ADA499 /* HorizontalVertical.swift in Sources */ = {isa = PBXBuildFile; fileRef = B7BE11A123EA965B00ADA499 /* HorizontalVertical.swift */; };
		B7BE11A423EA972D00ADA499 /* Diagonal.swift in Sources */ = {isa = PBXBuildFile; fileRef = B7BE11A323EA972D00ADA499 /* Diagonal.swift */; };
		B7BE11A923EA9C8800ADA499 /* King.swift in Sources */ = {isa = PBXBuildFile; fileRef = B7BE11A823EA9C8800ADA499 /* King.swift */; };
		B7BE11AB23EA9C9C00ADA499 /* KingWhite.swift in Sources */ = {isa = PBXBuildFile; fileRef = B7BE11AA23EA9C9C00ADA499 /* KingWhite.swift */; };
		B7BE11AD23EA9CC700ADA499 /* KingBlack.swift in Sources */ = {isa = PBXBuildFile; fileRef = B7BE11AC23EA9CC700ADA499 /* KingBlack.swift */; };
		B7BE11B023EA9D2B00ADA499 /* Queen.swift in Sources */ = {isa = PBXBuildFile; fileRef = B7BE11AF23EA9D2B00ADA499 /* Queen.swift */; };
		B7BE11B223EA9D7000ADA499 /* QueenWhite.swift in Sources */ = {isa = PBXBuildFile; fileRef = B7BE11B123EA9D7000ADA499 /* QueenWhite.swift */; };
		B7BE11B423EA9D7E00ADA499 /* QueenBlack.swift in Sources */ = {isa = PBXBuildFile; fileRef = B7BE11B323EA9D7E00ADA499 /* QueenBlack.swift */; };
		B7BE11B723EA9DAC00ADA499 /* Bishop.swift in Sources */ = {isa = PBXBuildFile; fileRef = B7BE11B623EA9DAC00ADA499 /* Bishop.swift */; };
		B7BE11B923EA9DD400ADA499 /* BishopWhite.swift in Sources */ = {isa = PBXBuildFile; fileRef = B7BE11B823EA9DD400ADA499 /* BishopWhite.swift */; };
		B7BE11BB23EA9DE200ADA499 /* BishopBlack.swift in Sources */ = {isa = PBXBuildFile; fileRef = B7BE11BA23EA9DE200ADA499 /* BishopBlack.swift */; };
		B7BE11BE23EA9E2500ADA499 /* Pawn.swift in Sources */ = {isa = PBXBuildFile; fileRef = B7BE11BD23EA9E2500ADA499 /* Pawn.swift */; };
		B7BE11C023EA9E3D00ADA499 /* PawnWhite.swift in Sources */ = {isa = PBXBuildFile; fileRef = B7BE11BF23EA9E3D00ADA499 /* PawnWhite.swift */; };
		B7BE11C223EA9E5700ADA499 /* PawnBlack.swift in Sources */ = {isa = PBXBuildFile; fileRef = B7BE11C123EA9E5700ADA499 /* PawnBlack.swift */; };
		B7BE11C523EA9E7C00ADA499 /* Rook.swift in Sources */ = {isa = PBXBuildFile; fileRef = B7BE11C423EA9E7C00ADA499 /* Rook.swift */; };
		B7BE11C723EA9EA700ADA499 /* RookWhite.swift in Sources */ = {isa = PBXBuildFile; fileRef = B7BE11C623EA9EA700ADA499 /* RookWhite.swift */; };
		B7BE11C923EA9EB700ADA499 /* RookBlack.swift in Sources */ = {isa = PBXBuildFile; fileRef = B7BE11C823EA9EB700ADA499 /* RookBlack.swift */; };
		B7BE11CC23EA9EE900ADA499 /* Knight.swift in Sources */ = {isa = PBXBuildFile; fileRef = B7BE11CB23EA9EE900ADA499 /* Knight.swift */; };
		B7BE11CE23EA9F1600ADA499 /* KnightWhite.swift in Sources */ = {isa = PBXBuildFile; fileRef = B7BE11CD23EA9F1600ADA499 /* KnightWhite.swift */; };
		B7BE11D023EA9F2400ADA499 /* KnightBlack.swift in Sources */ = {isa = PBXBuildFile; fileRef = B7BE11CF23EA9F2400ADA499 /* KnightBlack.swift */; };
		B7BE11D323EAA0A600ADA499 /* Castle.swift in Sources */ = {isa = PBXBuildFile; fileRef = B7BE11D223EAA0A600ADA499 /* Castle.swift */; };
		B7BE11D523EAA18000ADA499 /* BoardView.swift in Sources */ = {isa = PBXBuildFile; fileRef = B7BE11D423EAA18000ADA499 /* BoardView.swift */; };
		B7BE11D723EAA23200ADA499 /* SquareCell.swift in Sources */ = {isa = PBXBuildFile; fileRef = B7BE11D623EAA23200ADA499 /* SquareCell.swift */; };
		B7BE11DA23EAA4BF00ADA499 /* SerializerState.swift in Sources */ = {isa = PBXBuildFile; fileRef = B7BE11D923EAA4BF00ADA499 /* SerializerState.swift */; };
		B7BE11E823EAC40800ADA499 /* SerializerConfig.swift in Sources */ = {isa = PBXBuildFile; fileRef = B7BE11E723EAC40800ADA499 /* SerializerConfig.swift */; };
		B7BE11F123EAC92C00ADA499 /* Edit.swift in Sources */ = {isa = PBXBuildFile; fileRef = B7BE11F023EAC92C00ADA499 /* Edit.swift */; };
		B7BE11FF23EACCDE00ADA499 /* ConfigCell.swift in Sources */ = {isa = PBXBuildFile; fileRef = B7BE11FE23EACCDE00ADA499 /* ConfigCell.swift */; };
		B7BE120523EAD3C600ADA499 /* Poison.swift in Sources */ = {isa = PBXBuildFile; fileRef = B7BE120423EAD3C600ADA499 /* Poison.swift */; };
		B7BE120723EAD3D200ADA499 /* Amazon.swift in Sources */ = {isa = PBXBuildFile; fileRef = B7BE120623EAD3D200ADA499 /* Amazon.swift */; };
		B7BE120923EAD3DD00ADA499 /* Hunter.swift in Sources */ = {isa = PBXBuildFile; fileRef = B7BE120823EAD3DD00ADA499 /* Hunter.swift */; };
		B7BE120B23EAD3E900ADA499 /* Grasshopper.swift in Sources */ = {isa = PBXBuildFile; fileRef = B7BE120A23EAD3E900ADA499 /* Grasshopper.swift */; };
		B7BE120D23EAD42C00ADA499 /* Fairy.swift in Sources */ = {isa = PBXBuildFile; fileRef = B7BE120C23EAD42C00ADA499 /* Fairy.swift */; };
		B7BE121023EAD64100ADA499 /* Hopper.swift in Sources */ = {isa = PBXBuildFile; fileRef = B7BE120F23EAD64100ADA499 /* Hopper.swift */; };
		B7BE121323EAD7BF00ADA499 /* Config.swift in Sources */ = {isa = PBXBuildFile; fileRef = B7BE121223EAD7BF00ADA499 /* Config.swift */; };
		B7BE121623EAD7E700ADA499 /* Init.storyboard in Resources */ = {isa = PBXBuildFile; fileRef = B7BE121523EAD7E700ADA499 /* Init.storyboard */; };
		B7BE124823EB023700ADA499 /* Fairies.swift in Sources */ = {isa = PBXBuildFile; fileRef = B7BE124723EB023700ADA499 /* Fairies.swift */; };
		B7BE124A23EB027400ADA499 /* FairiesTable.swift in Sources */ = {isa = PBXBuildFile; fileRef = B7BE124923EB027400ADA499 /* FairiesTable.swift */; };
		B7BE124C23EB02A200ADA499 /* FairiesCell.swift in Sources */ = {isa = PBXBuildFile; fileRef = B7BE124B23EB02A200ADA499 /* FairiesCell.swift */; };
		B7BE125123EB032E00ADA499 /* Profile.swift in Sources */ = {isa = PBXBuildFile; fileRef = B7BE125023EB032E00ADA499 /* Profile.swift */; };
		B7BE125323EB035000ADA499 /* ProfileTable.swift in Sources */ = {isa = PBXBuildFile; fileRef = B7BE125223EB035000ADA499 /* ProfileTable.swift */; };
		B7BE125523EB038700ADA499 /* ProfileCell.swift in Sources */ = {isa = PBXBuildFile; fileRef = B7BE125423EB038700ADA499 /* ProfileCell.swift */; };
		B7BE125B23EB040600ADA499 /* UpdatePhoto.swift in Sources */ = {isa = PBXBuildFile; fileRef = B7BE125A23EB040600ADA499 /* UpdatePhoto.swift */; };
		B7BE125D23EB042A00ADA499 /* UpdateDevice.swift in Sources */ = {isa = PBXBuildFile; fileRef = B7BE125C23EB042A00ADA499 /* UpdateDevice.swift */; };
		B7BE128723EB091C00ADA499 /* Tschess.swift in Sources */ = {isa = PBXBuildFile; fileRef = B7BE128623EB091C00ADA499 /* Tschess.swift */; };
		B7BE128D23EB09B400ADA499 /* GameUpdate.swift in Sources */ = {isa = PBXBuildFile; fileRef = B7BE128C23EB09B400ADA499 /* GameUpdate.swift */; };
		B7BE128F23EB09C700ADA499 /* GameRequest.swift in Sources */ = {isa = PBXBuildFile; fileRef = B7BE128E23EB09C700ADA499 /* GameRequest.swift */; };
		B7BE129123EB09FC00ADA499 /* UpdateResign.swift in Sources */ = {isa = PBXBuildFile; fileRef = B7BE129023EB09FC00ADA499 /* UpdateResign.swift */; };
		B7BE129E23EB0B2A00ADA499 /* HopperOffense.swift in Sources */ = {isa = PBXBuildFile; fileRef = B7BE129D23EB0B2A00ADA499 /* HopperOffense.swift */; };
		B7BE12A023EB0B5800ADA499 /* KingOffense.swift in Sources */ = {isa = PBXBuildFile; fileRef = B7BE129F23EB0B5800ADA499 /* KingOffense.swift */; };
		B7BE12A323EB0BB800ADA499 /* Passant.swift in Sources */ = {isa = PBXBuildFile; fileRef = B7BE12A223EB0BB800ADA499 /* Passant.swift */; };
		B7BE12AE23EB0CDB00ADA499 /* Checker.swift in Sources */ = {isa = PBXBuildFile; fileRef = B7BE12AD23EB0CDB00ADA499 /* Checker.swift */; };
		B7BE12B123EB0D3100ADA499 /* KnightOffense.swift in Sources */ = {isa = PBXBuildFile; fileRef = B7BE12B023EB0D3100ADA499 /* KnightOffense.swift */; };
		B7BE12B323EB0D6900ADA499 /* PawnOffense.swift in Sources */ = {isa = PBXBuildFile; fileRef = B7BE12B223EB0D6900ADA499 /* PawnOffense.swift */; };
		B7BE12B523EB0DA700ADA499 /* Attack.swift in Sources */ = {isa = PBXBuildFile; fileRef = B7BE12B423EB0DA700ADA499 /* Attack.swift */; };
		B7BE12B723EB0DCD00ADA499 /* Threat.swift in Sources */ = {isa = PBXBuildFile; fileRef = B7BE12B623EB0DCD00ADA499 /* Threat.swift */; };
		B7BE12B923EB0E1200ADA499 /* Transitioner.swift in Sources */ = {isa = PBXBuildFile; fileRef = B7BE12B823EB0E1200ADA499 /* Transitioner.swift */; };
		B7BE12BF23EB0EC600ADA499 /* Evaluation.swift in Sources */ = {isa = PBXBuildFile; fileRef = B7BE12BE23EB0EC600ADA499 /* Evaluation.swift */; };
		B7CB62F6237BB10800E50204 /* Start.storyboard in Resources */ = {isa = PBXBuildFile; fileRef = B7CB62F5237BB10800E50204 /* Start.storyboard */; };
		B7D8ECD324082080001B5D2D /* PoisonWhite.swift in Sources */ = {isa = PBXBuildFile; fileRef = B7D8ECD224082080001B5D2D /* PoisonWhite.swift */; };
		B7D8ECD524082096001B5D2D /* PoisonBlack.swift in Sources */ = {isa = PBXBuildFile; fileRef = B7D8ECD424082096001B5D2D /* PoisonBlack.swift */; };
		B7D8ECD7240820DD001B5D2D /* AmazonWhite.swift in Sources */ = {isa = PBXBuildFile; fileRef = B7D8ECD6240820DD001B5D2D /* AmazonWhite.swift */; };
		B7D8ECD9240820EB001B5D2D /* AmazonBlack.swift in Sources */ = {isa = PBXBuildFile; fileRef = B7D8ECD8240820EB001B5D2D /* AmazonBlack.swift */; };
		B7D8ECDB240820F9001B5D2D /* HunterWhite.swift in Sources */ = {isa = PBXBuildFile; fileRef = B7D8ECDA240820F9001B5D2D /* HunterWhite.swift */; };
		B7D8ECDD24082106001B5D2D /* HunterBlack.swift in Sources */ = {isa = PBXBuildFile; fileRef = B7D8ECDC24082106001B5D2D /* HunterBlack.swift */; };
		B7D8ECE12408A917001B5D2D /* Landmine.swift in Sources */ = {isa = PBXBuildFile; fileRef = B7D8ECE02408A917001B5D2D /* Landmine.swift */; };
		B7D8ECE92408B823001B5D2D /* RevealWhite.swift in Sources */ = {isa = PBXBuildFile; fileRef = B7D8ECE82408B823001B5D2D /* RevealWhite.swift */; };
		B7D8ECEB2408B845001B5D2D /* RevealBlack.swift in Sources */ = {isa = PBXBuildFile; fileRef = B7D8ECEA2408B845001B5D2D /* RevealBlack.swift */; };
		B7ED646423F4D9D400292FBC /* Create.storyboard in Resources */ = {isa = PBXBuildFile; fileRef = B7ED646323F4D9D400292FBC /* Create.storyboard */; };
		B7ED646823F4DC9B00292FBC /* Create.swift in Sources */ = {isa = PBXBuildFile; fileRef = B7ED646723F4DC9B00292FBC /* Create.swift */; };
		B7EF701E23EA28BA00BAF2E2 /* EntityPlayer.swift in Sources */ = {isa = PBXBuildFile; fileRef = B7EF701D23EA28BA00BAF2E2 /* EntityPlayer.swift */; };
		B7EF702123EA28E300BAF2E2 /* EntityGame.swift in Sources */ = {isa = PBXBuildFile; fileRef = B7EF702023EA28E300BAF2E2 /* EntityGame.swift */; };
		B7F35E332309F6D6002018F7 /* DateTime.swift in Sources */ = {isa = PBXBuildFile; fileRef = B7F35E322309F6D6002018F7 /* DateTime.swift */; };
		B7F541C123D51A5A00E89074 /* Home.swift in Sources */ = {isa = PBXBuildFile; fileRef = B7F541C023D51A5A00E89074 /* Home.swift */; };
		B7F541C623D51ADD00E89074 /* HomeTable.swift in Sources */ = {isa = PBXBuildFile; fileRef = B7F541C523D51ADD00E89074 /* HomeTable.swift */; };
		B7F541C823D51B0C00E89074 /* HomeCell.swift in Sources */ = {isa = PBXBuildFile; fileRef = B7F541C723D51B0C00E89074 /* HomeCell.swift */; };
		B7F6F9E623F0B544007D9151 /* UpdateProp.swift in Sources */ = {isa = PBXBuildFile; fileRef = B7F6F9E523F0B544007D9151 /* UpdateProp.swift */; };
		B7F6F9E823F0B55C007D9151 /* UpdateEval.swift in Sources */ = {isa = PBXBuildFile; fileRef = B7F6F9E723F0B55C007D9151 /* UpdateEval.swift */; };
		B7FA7BFB23ECF79400E63045 /* UpdateConfig.swift in Sources */ = {isa = PBXBuildFile; fileRef = B7FA7BFA23ECF79400E63045 /* UpdateConfig.swift */; };
/* End PBXBuildFile section */

/* Begin PBXContainerItemProxy section */
		B787C73B22E970DD009C94F7 /* PBXContainerItemProxy */ = {
			isa = PBXContainerItemProxy;
			containerPortal = B787C71E22E970DC009C94F7 /* Project object */;
			proxyType = 1;
			remoteGlobalIDString = B787C72522E970DC009C94F7;
			remoteInfo = ios;
		};
		B787C74622E970DD009C94F7 /* PBXContainerItemProxy */ = {
			isa = PBXContainerItemProxy;
			containerPortal = B787C71E22E970DC009C94F7 /* Project object */;
			proxyType = 1;
			remoteGlobalIDString = B787C72522E970DC009C94F7;
			remoteInfo = ios;
		};
/* End PBXContainerItemProxy section */

/* Begin PBXFileReference section */
		45C0F287A16E70CE8A23A2EB /* Pods_ios.framework */ = {isa = PBXFileReference; explicitFileType = wrapper.framework; includeInIndex = 0; path = Pods_ios.framework; sourceTree = BUILT_PRODUCTS_DIR; };
		8307D802257835880054FDDE /* Tschess.storyboard */ = {isa = PBXFileReference; lastKnownFileType = file.storyboard; path = Tschess.storyboard; sourceTree = "<group>"; };
		8307D80625784D990054FDDE /* Snapshot.storyboard */ = {isa = PBXFileReference; lastKnownFileType = file.storyboard; path = Snapshot.storyboard; sourceTree = "<group>"; };
		83085F27248048CD00D31CF0 /* NoteKey.swift */ = {isa = PBXFileReference; lastKnownFileType = sourcecode.swift; path = NoteKey.swift; sourceTree = "<group>"; };
		830946862566D767003A1B9A /* Home.storyboard */ = {isa = PBXFileReference; lastKnownFileType = file.storyboard; path = Home.storyboard; sourceTree = "<group>"; };
		83295C462475C2DE00820C6C /* GetTimeout.swift */ = {isa = PBXFileReference; lastKnownFileType = sourcecode.swift; path = GetTimeout.swift; sourceTree = "<group>"; };
		83510E002581519600544DA6 /* PopInvite.swift */ = {isa = PBXFileReference; lastKnownFileType = sourcecode.swift; path = PopInvite.swift; sourceTree = "<group>"; };
		83510E02258151A300544DA6 /* PopInvite.storyboard */ = {isa = PBXFileReference; lastKnownFileType = file.storyboard; path = PopInvite.storyboard; sourceTree = "<group>"; };
		8358928124BE65A0004F9703 /* UpdatePush.swift */ = {isa = PBXFileReference; lastKnownFileType = sourcecode.swift; path = UpdatePush.swift; sourceTree = "<group>"; };
		835C1884256D68D300390AE8 /* HeaderSnapshot.xib */ = {isa = PBXFileReference; lastKnownFileType = file.xib; path = HeaderSnapshot.xib; sourceTree = "<group>"; };
		835C18862571573000390AE8 /* HeaderSnapshot.swift */ = {isa = PBXFileReference; lastKnownFileType = sourcecode.swift; path = HeaderSnapshot.swift; sourceTree = "<group>"; };
		835EE0BF25896FC90064424F /* RequestLogin.swift */ = {isa = PBXFileReference; lastKnownFileType = sourcecode.swift; path = RequestLogin.swift; sourceTree = "<group>"; };
		835FADA424F00A910080A194 /* Countdown.swift */ = {isa = PBXFileReference; lastKnownFileType = sourcecode.swift; path = Countdown.swift; sourceTree = "<group>"; };
		836267AF258BBBA900A37A29 /* Product.swift */ = {isa = PBXFileReference; lastKnownFileType = sourcecode.swift; path = Product.swift; sourceTree = "<group>"; };
		836267B1258BBBDD00A37A29 /* InAppPurchase.swift */ = {isa = PBXFileReference; lastKnownFileType = sourcecode.swift; path = InAppPurchase.swift; sourceTree = "<group>"; };
		8375E1E8256C0963001809FF /* Opponent.xib */ = {isa = PBXFileReference; lastKnownFileType = file.xib; path = Opponent.xib; sourceTree = "<group>"; };
		8375E1EA256C0AE9001809FF /* Opponent.swift */ = {isa = PBXFileReference; lastKnownFileType = sourcecode.swift; path = Opponent.swift; sourceTree = "<group>"; };
		837612732589157A00C527D3 /* PopPurchase.storyboard */ = {isa = PBXFileReference; lastKnownFileType = file.storyboard; path = PopPurchase.storyboard; sourceTree = "<group>"; };
		83761275258919C400C527D3 /* PopPurchase.swift */ = {isa = PBXFileReference; lastKnownFileType = sourcecode.swift; path = PopPurchase.swift; sourceTree = "<group>"; };
		8379820924F05EE000254FBD /* Highlighter.swift */ = {isa = PBXFileReference; lastKnownFileType = sourcecode.swift; path = Highlighter.swift; sourceTree = "<group>"; };
		8385908B24F98AD600BBC11C /* TransDelegate.swift */ = {isa = PBXFileReference; lastKnownFileType = sourcecode.swift; path = TransDelegate.swift; sourceTree = "<group>"; };
		8385908D24F98B2A00BBC11C /* Presenter.swift */ = {isa = PBXFileReference; lastKnownFileType = sourcecode.swift; path = Presenter.swift; sourceTree = "<group>"; };
		83872646257EE9F700F62288 /* RequestAck.swift */ = {isa = PBXFileReference; lastKnownFileType = sourcecode.swift; path = RequestAck.swift; sourceTree = "<group>"; };
		83872648257EEAE300F62288 /* RequestChallenge.swift */ = {isa = PBXFileReference; lastKnownFileType = sourcecode.swift; path = RequestChallenge.swift; sourceTree = "<group>"; };
		8387264A257EEBF700F62288 /* UpdateRescind.swift */ = {isa = PBXFileReference; lastKnownFileType = sourcecode.swift; path = UpdateRescind.swift; sourceTree = "<group>"; };
		8387264C257EEC3200F62288 /* UpdateNack.swift */ = {isa = PBXFileReference; lastKnownFileType = sourcecode.swift; path = UpdateNack.swift; sourceTree = "<group>"; };
		83ACC6922500143900D394D0 /* PopPromo.swift */ = {isa = PBXFileReference; lastKnownFileType = sourcecode.swift; path = PopPromo.swift; sourceTree = "<group>"; };
		83ACC6942500145200D394D0 /* PopPromo.storyboard */ = {isa = PBXFileReference; lastKnownFileType = file.storyboard; path = PopPromo.storyboard; sourceTree = "<group>"; };
		83ACC6A72500173F00D394D0 /* UpdateConfirm.swift */ = {isa = PBXFileReference; lastKnownFileType = sourcecode.swift; path = UpdateConfirm.swift; sourceTree = "<group>"; };
		83B72B84256716C400FA5D8F /* Header.xib */ = {isa = PBXFileReference; lastKnownFileType = file.xib; path = Header.xib; sourceTree = "<group>"; };
		83B72B882567190600FA5D8F /* Header.swift */ = {isa = PBXFileReference; lastKnownFileType = sourcecode.swift; path = Header.swift; sourceTree = "<group>"; };
		83D6E87924F042810071D779 /* Labeler.swift */ = {isa = PBXFileReference; lastKnownFileType = sourcecode.swift; path = Labeler.swift; sourceTree = "<group>"; };
		83D758EB24CA0E79008DC4B5 /* CoreStart.swift */ = {isa = PBXFileReference; lastKnownFileType = sourcecode.swift; path = CoreStart.swift; sourceTree = "<group>"; };
		83DFCF7725795948007088E5 /* Profile.storyboard */ = {isa = PBXFileReference; lastKnownFileType = file.storyboard; path = Profile.storyboard; sourceTree = "<group>"; };
		83DFCF7925797492007088E5 /* Config.storyboard */ = {isa = PBXFileReference; lastKnownFileType = file.storyboard; path = Config.storyboard; sourceTree = "<group>"; };
		83DFCF7C25797DC3007088E5 /* Leaderboard.storyboard */ = {isa = PBXFileReference; lastKnownFileType = file.storyboard; path = Leaderboard.storyboard; sourceTree = "<group>"; };
		83DFCF7E25797DD5007088E5 /* Leaderboard.swift */ = {isa = PBXFileReference; lastKnownFileType = sourcecode.swift; path = Leaderboard.swift; sourceTree = "<group>"; };
		83DFCF802579812B007088E5 /* LeaderboardTable.swift */ = {isa = PBXFileReference; lastKnownFileType = sourcecode.swift; path = LeaderboardTable.swift; sourceTree = "<group>"; };
		83DFCF822579813E007088E5 /* LeaderboardCell.swift */ = {isa = PBXFileReference; lastKnownFileType = sourcecode.swift; path = LeaderboardCell.swift; sourceTree = "<group>"; };
		83DFCF84257ADDBE007088E5 /* Fairies.storyboard */ = {isa = PBXFileReference; lastKnownFileType = file.storyboard; path = Fairies.storyboard; sourceTree = "<group>"; };
		83DFCF86257AEB56007088E5 /* Edit.storyboard */ = {isa = PBXFileReference; lastKnownFileType = file.storyboard; path = Edit.storyboard; sourceTree = "<group>"; };
		AD83F59EDBC27D005F033F41 /* Pods-ios.debug.xcconfig */ = {isa = PBXFileReference; includeInIndex = 1; lastKnownFileType = text.xcconfig; name = "Pods-ios.debug.xcconfig"; path = "Target Support Files/Pods-ios/Pods-ios.debug.xcconfig"; sourceTree = "<group>"; };
		B7021F9723FE5D8F00C9346A /* Other.storyboard */ = {isa = PBXFileReference; lastKnownFileType = file.storyboard; path = Other.storyboard; sourceTree = "<group>"; };
		B70577EF234BD0A500A9E2CA /* TschessTests.swift */ = {isa = PBXFileReference; lastKnownFileType = sourcecode.swift; path = TschessTests.swift; sourceTree = "<group>"; };
		B708D0DC236B351000A899F9 /* Init.swift */ = {isa = PBXFileReference; lastKnownFileType = sourcecode.swift; path = Init.swift; sourceTree = "<group>"; };
		B708D0E6236B366800A899F9 /* LaunchScreen.storyboard */ = {isa = PBXFileReference; lastKnownFileType = file.storyboard; path = LaunchScreen.storyboard; sourceTree = "<group>"; };
		B708D0E8236B369D00A899F9 /* Start.swift */ = {isa = PBXFileReference; lastKnownFileType = sourcecode.swift; path = Start.swift; sourceTree = "<group>"; };
		B70A86CA2370989000D303F0 /* ServerAddress.swift */ = {isa = PBXFileReference; lastKnownFileType = sourcecode.swift; path = ServerAddress.swift; sourceTree = "<group>"; };
		B70F0C0C22EBC075001415AE /* AppDelegate.swift */ = {isa = PBXFileReference; lastKnownFileType = sourcecode.swift; path = AppDelegate.swift; sourceTree = "<group>"; };
		B70F0C1122EBC25C001415AE /* Info.plist */ = {isa = PBXFileReference; lastKnownFileType = text.plist.xml; path = Info.plist; sourceTree = "<group>"; };
		B73410ED2408CFA20065B1AA /* UpdateMine.swift */ = {isa = PBXFileReference; lastKnownFileType = sourcecode.swift; path = UpdateMine.swift; sourceTree = "<group>"; };
		B745AD3423F353BF00E450EF /* RequestCreate.swift */ = {isa = PBXFileReference; lastKnownFileType = sourcecode.swift; path = RequestCreate.swift; sourceTree = "<group>"; };
		B771364D23F1C118007F0962 /* UpdateCheck.swift */ = {isa = PBXFileReference; lastKnownFileType = sourcecode.swift; path = UpdateCheck.swift; sourceTree = "<group>"; };
		B771365123F1D5CF007F0962 /* MovementKing.swift */ = {isa = PBXFileReference; lastKnownFileType = sourcecode.swift; path = MovementKing.swift; sourceTree = "<group>"; };
		B771365323F222AF007F0962 /* UpdateMate.swift */ = {isa = PBXFileReference; lastKnownFileType = sourcecode.swift; path = UpdateMate.swift; sourceTree = "<group>"; };
		B787C72622E970DC009C94F7 /* ios.app */ = {isa = PBXFileReference; explicitFileType = wrapper.application; includeInIndex = 0; path = ios.app; sourceTree = BUILT_PRODUCTS_DIR; };
		B787C73022E970DD009C94F7 /* Assets.xcassets */ = {isa = PBXFileReference; lastKnownFileType = folder.assetcatalog; path = Assets.xcassets; sourceTree = "<group>"; };
		B787C73A22E970DD009C94F7 /* iosTests.xctest */ = {isa = PBXFileReference; explicitFileType = wrapper.cfbundle; includeInIndex = 0; path = iosTests.xctest; sourceTree = BUILT_PRODUCTS_DIR; };
		B787C73E22E970DD009C94F7 /* iosTests.swift */ = {isa = PBXFileReference; lastKnownFileType = sourcecode.swift; path = iosTests.swift; sourceTree = "<group>"; };
		B787C74022E970DD009C94F7 /* Info.plist */ = {isa = PBXFileReference; lastKnownFileType = text.plist.xml; path = Info.plist; sourceTree = "<group>"; };
		B787C74522E970DD009C94F7 /* iosUITests.xctest */ = {isa = PBXFileReference; explicitFileType = wrapper.cfbundle; includeInIndex = 0; path = iosUITests.xctest; sourceTree = BUILT_PRODUCTS_DIR; };
		B787C74922E970DD009C94F7 /* iosUITests.swift */ = {isa = PBXFileReference; lastKnownFileType = sourcecode.swift; path = iosUITests.swift; sourceTree = "<group>"; };
		B787C74B22E970DD009C94F7 /* Info.plist */ = {isa = PBXFileReference; lastKnownFileType = text.plist.xml; path = Info.plist; sourceTree = "<group>"; };
		B79D05DA2410272500B8A889 /* Const.swift */ = {isa = PBXFileReference; lastKnownFileType = sourcecode.swift; path = Const.swift; sourceTree = "<group>"; };
		B7A6B8AC240D9B2300840156 /* RequestActual.swift */ = {isa = PBXFileReference; lastKnownFileType = sourcecode.swift; path = RequestActual.swift; sourceTree = "<group>"; };
		B7AF787223E0B9DA00BAD8EC /* RequestPage.swift */ = {isa = PBXFileReference; lastKnownFileType = sourcecode.swift; path = RequestPage.swift; sourceTree = "<group>"; };
		B7BE115C23EA4FBE00ADA499 /* ParsePlayer.swift */ = {isa = PBXFileReference; lastKnownFileType = sourcecode.swift; path = ParsePlayer.swift; sourceTree = "<group>"; };
		B7BE115F23EA71D100ADA499 /* Other.swift */ = {isa = PBXFileReference; lastKnownFileType = sourcecode.swift; path = Other.swift; sourceTree = "<group>"; };
		B7BE116423EA727100ADA499 /* OtherTable.swift */ = {isa = PBXFileReference; lastKnownFileType = sourcecode.swift; path = OtherTable.swift; sourceTree = "<group>"; };
		B7BE116623EA73DC00ADA499 /* OtherCell.swift */ = {isa = PBXFileReference; lastKnownFileType = sourcecode.swift; path = OtherCell.swift; sourceTree = "<group>"; };
		B7BE116B23EA750B00ADA499 /* ParseGame.swift */ = {isa = PBXFileReference; lastKnownFileType = sourcecode.swift; path = ParseGame.swift; sourceTree = "<group>"; };
		B7BE116E23EA91CD00ADA499 /* Snapshot.swift */ = {isa = PBXFileReference; lastKnownFileType = sourcecode.swift; path = Snapshot.swift; sourceTree = "<group>"; };
		B7BE117423EA930F00ADA499 /* Piece.swift */ = {isa = PBXFileReference; lastKnownFileType = sourcecode.swift; path = Piece.swift; sourceTree = "<group>"; };
		B7BE117623EA93A600ADA499 /* PieceAnte.swift */ = {isa = PBXFileReference; lastKnownFileType = sourcecode.swift; path = PieceAnte.swift; sourceTree = "<group>"; };
		B7BE11A123EA965B00ADA499 /* HorizontalVertical.swift */ = {isa = PBXFileReference; lastKnownFileType = sourcecode.swift; path = HorizontalVertical.swift; sourceTree = "<group>"; };
		B7BE11A323EA972D00ADA499 /* Diagonal.swift */ = {isa = PBXFileReference; lastKnownFileType = sourcecode.swift; path = Diagonal.swift; sourceTree = "<group>"; };
		B7BE11A823EA9C8800ADA499 /* King.swift */ = {isa = PBXFileReference; lastKnownFileType = sourcecode.swift; path = King.swift; sourceTree = "<group>"; };
		B7BE11AA23EA9C9C00ADA499 /* KingWhite.swift */ = {isa = PBXFileReference; lastKnownFileType = sourcecode.swift; path = KingWhite.swift; sourceTree = "<group>"; };
		B7BE11AC23EA9CC700ADA499 /* KingBlack.swift */ = {isa = PBXFileReference; lastKnownFileType = sourcecode.swift; path = KingBlack.swift; sourceTree = "<group>"; };
		B7BE11AF23EA9D2B00ADA499 /* Queen.swift */ = {isa = PBXFileReference; lastKnownFileType = sourcecode.swift; path = Queen.swift; sourceTree = "<group>"; };
		B7BE11B123EA9D7000ADA499 /* QueenWhite.swift */ = {isa = PBXFileReference; lastKnownFileType = sourcecode.swift; path = QueenWhite.swift; sourceTree = "<group>"; };
		B7BE11B323EA9D7E00ADA499 /* QueenBlack.swift */ = {isa = PBXFileReference; lastKnownFileType = sourcecode.swift; path = QueenBlack.swift; sourceTree = "<group>"; };
		B7BE11B623EA9DAC00ADA499 /* Bishop.swift */ = {isa = PBXFileReference; lastKnownFileType = sourcecode.swift; path = Bishop.swift; sourceTree = "<group>"; };
		B7BE11B823EA9DD400ADA499 /* BishopWhite.swift */ = {isa = PBXFileReference; lastKnownFileType = sourcecode.swift; path = BishopWhite.swift; sourceTree = "<group>"; };
		B7BE11BA23EA9DE200ADA499 /* BishopBlack.swift */ = {isa = PBXFileReference; lastKnownFileType = sourcecode.swift; path = BishopBlack.swift; sourceTree = "<group>"; };
		B7BE11BD23EA9E2500ADA499 /* Pawn.swift */ = {isa = PBXFileReference; lastKnownFileType = sourcecode.swift; path = Pawn.swift; sourceTree = "<group>"; };
		B7BE11BF23EA9E3D00ADA499 /* PawnWhite.swift */ = {isa = PBXFileReference; lastKnownFileType = sourcecode.swift; path = PawnWhite.swift; sourceTree = "<group>"; };
		B7BE11C123EA9E5700ADA499 /* PawnBlack.swift */ = {isa = PBXFileReference; lastKnownFileType = sourcecode.swift; path = PawnBlack.swift; sourceTree = "<group>"; };
		B7BE11C423EA9E7C00ADA499 /* Rook.swift */ = {isa = PBXFileReference; lastKnownFileType = sourcecode.swift; path = Rook.swift; sourceTree = "<group>"; };
		B7BE11C623EA9EA700ADA499 /* RookWhite.swift */ = {isa = PBXFileReference; lastKnownFileType = sourcecode.swift; path = RookWhite.swift; sourceTree = "<group>"; };
		B7BE11C823EA9EB700ADA499 /* RookBlack.swift */ = {isa = PBXFileReference; lastKnownFileType = sourcecode.swift; path = RookBlack.swift; sourceTree = "<group>"; };
		B7BE11CB23EA9EE900ADA499 /* Knight.swift */ = {isa = PBXFileReference; lastKnownFileType = sourcecode.swift; path = Knight.swift; sourceTree = "<group>"; };
		B7BE11CD23EA9F1600ADA499 /* KnightWhite.swift */ = {isa = PBXFileReference; lastKnownFileType = sourcecode.swift; path = KnightWhite.swift; sourceTree = "<group>"; };
		B7BE11CF23EA9F2400ADA499 /* KnightBlack.swift */ = {isa = PBXFileReference; lastKnownFileType = sourcecode.swift; path = KnightBlack.swift; sourceTree = "<group>"; };
		B7BE11D223EAA0A600ADA499 /* Castle.swift */ = {isa = PBXFileReference; lastKnownFileType = sourcecode.swift; path = Castle.swift; sourceTree = "<group>"; };
		B7BE11D423EAA18000ADA499 /* BoardView.swift */ = {isa = PBXFileReference; lastKnownFileType = sourcecode.swift; path = BoardView.swift; sourceTree = "<group>"; };
		B7BE11D623EAA23200ADA499 /* SquareCell.swift */ = {isa = PBXFileReference; lastKnownFileType = sourcecode.swift; path = SquareCell.swift; sourceTree = "<group>"; };
		B7BE11D923EAA4BF00ADA499 /* SerializerState.swift */ = {isa = PBXFileReference; lastKnownFileType = sourcecode.swift; path = SerializerState.swift; sourceTree = "<group>"; };
		B7BE11E723EAC40800ADA499 /* SerializerConfig.swift */ = {isa = PBXFileReference; lastKnownFileType = sourcecode.swift; path = SerializerConfig.swift; sourceTree = "<group>"; };
		B7BE11F023EAC92C00ADA499 /* Edit.swift */ = {isa = PBXFileReference; lastKnownFileType = sourcecode.swift; path = Edit.swift; sourceTree = "<group>"; };
		B7BE11FE23EACCDE00ADA499 /* ConfigCell.swift */ = {isa = PBXFileReference; lastKnownFileType = sourcecode.swift; path = ConfigCell.swift; sourceTree = "<group>"; };
		B7BE120423EAD3C600ADA499 /* Poison.swift */ = {isa = PBXFileReference; lastKnownFileType = sourcecode.swift; path = Poison.swift; sourceTree = "<group>"; };
		B7BE120623EAD3D200ADA499 /* Amazon.swift */ = {isa = PBXFileReference; lastKnownFileType = sourcecode.swift; path = Amazon.swift; sourceTree = "<group>"; };
		B7BE120823EAD3DD00ADA499 /* Hunter.swift */ = {isa = PBXFileReference; lastKnownFileType = sourcecode.swift; path = Hunter.swift; sourceTree = "<group>"; };
		B7BE120A23EAD3E900ADA499 /* Grasshopper.swift */ = {isa = PBXFileReference; lastKnownFileType = sourcecode.swift; path = Grasshopper.swift; sourceTree = "<group>"; };
		B7BE120C23EAD42C00ADA499 /* Fairy.swift */ = {isa = PBXFileReference; lastKnownFileType = sourcecode.swift; path = Fairy.swift; sourceTree = "<group>"; };
		B7BE120F23EAD64100ADA499 /* Hopper.swift */ = {isa = PBXFileReference; lastKnownFileType = sourcecode.swift; path = Hopper.swift; sourceTree = "<group>"; };
		B7BE121223EAD7BF00ADA499 /* Config.swift */ = {isa = PBXFileReference; lastKnownFileType = sourcecode.swift; path = Config.swift; sourceTree = "<group>"; };
		B7BE121523EAD7E700ADA499 /* Init.storyboard */ = {isa = PBXFileReference; lastKnownFileType = file.storyboard; path = Init.storyboard; sourceTree = "<group>"; };
		B7BE124723EB023700ADA499 /* Fairies.swift */ = {isa = PBXFileReference; lastKnownFileType = sourcecode.swift; path = Fairies.swift; sourceTree = "<group>"; };
		B7BE124923EB027400ADA499 /* FairiesTable.swift */ = {isa = PBXFileReference; lastKnownFileType = sourcecode.swift; path = FairiesTable.swift; sourceTree = "<group>"; };
		B7BE124B23EB02A200ADA499 /* FairiesCell.swift */ = {isa = PBXFileReference; lastKnownFileType = sourcecode.swift; path = FairiesCell.swift; sourceTree = "<group>"; };
		B7BE125023EB032E00ADA499 /* Profile.swift */ = {isa = PBXFileReference; lastKnownFileType = sourcecode.swift; path = Profile.swift; sourceTree = "<group>"; };
		B7BE125223EB035000ADA499 /* ProfileTable.swift */ = {isa = PBXFileReference; lastKnownFileType = sourcecode.swift; path = ProfileTable.swift; sourceTree = "<group>"; };
		B7BE125423EB038700ADA499 /* ProfileCell.swift */ = {isa = PBXFileReference; lastKnownFileType = sourcecode.swift; path = ProfileCell.swift; sourceTree = "<group>"; };
		B7BE125A23EB040600ADA499 /* UpdatePhoto.swift */ = {isa = PBXFileReference; lastKnownFileType = sourcecode.swift; path = UpdatePhoto.swift; sourceTree = "<group>"; };
		B7BE125C23EB042A00ADA499 /* UpdateDevice.swift */ = {isa = PBXFileReference; lastKnownFileType = sourcecode.swift; path = UpdateDevice.swift; sourceTree = "<group>"; };
		B7BE128623EB091C00ADA499 /* Tschess.swift */ = {isa = PBXFileReference; lastKnownFileType = sourcecode.swift; path = Tschess.swift; sourceTree = "<group>"; };
		B7BE128C23EB09B400ADA499 /* GameUpdate.swift */ = {isa = PBXFileReference; lastKnownFileType = sourcecode.swift; path = GameUpdate.swift; sourceTree = "<group>"; };
		B7BE128E23EB09C700ADA499 /* GameRequest.swift */ = {isa = PBXFileReference; lastKnownFileType = sourcecode.swift; path = GameRequest.swift; sourceTree = "<group>"; };
		B7BE129023EB09FC00ADA499 /* UpdateResign.swift */ = {isa = PBXFileReference; lastKnownFileType = sourcecode.swift; path = UpdateResign.swift; sourceTree = "<group>"; };
		B7BE129D23EB0B2A00ADA499 /* HopperOffense.swift */ = {isa = PBXFileReference; lastKnownFileType = sourcecode.swift; path = HopperOffense.swift; sourceTree = "<group>"; };
		B7BE129F23EB0B5800ADA499 /* KingOffense.swift */ = {isa = PBXFileReference; lastKnownFileType = sourcecode.swift; path = KingOffense.swift; sourceTree = "<group>"; };
		B7BE12A223EB0BB800ADA499 /* Passant.swift */ = {isa = PBXFileReference; lastKnownFileType = sourcecode.swift; path = Passant.swift; sourceTree = "<group>"; };
		B7BE12AD23EB0CDB00ADA499 /* Checker.swift */ = {isa = PBXFileReference; lastKnownFileType = sourcecode.swift; path = Checker.swift; sourceTree = "<group>"; };
		B7BE12B023EB0D3100ADA499 /* KnightOffense.swift */ = {isa = PBXFileReference; lastKnownFileType = sourcecode.swift; path = KnightOffense.swift; sourceTree = "<group>"; };
		B7BE12B223EB0D6900ADA499 /* PawnOffense.swift */ = {isa = PBXFileReference; lastKnownFileType = sourcecode.swift; path = PawnOffense.swift; sourceTree = "<group>"; };
		B7BE12B423EB0DA700ADA499 /* Attack.swift */ = {isa = PBXFileReference; lastKnownFileType = sourcecode.swift; path = Attack.swift; sourceTree = "<group>"; };
		B7BE12B623EB0DCD00ADA499 /* Threat.swift */ = {isa = PBXFileReference; lastKnownFileType = sourcecode.swift; path = Threat.swift; sourceTree = "<group>"; };
		B7BE12B823EB0E1200ADA499 /* Transitioner.swift */ = {isa = PBXFileReference; lastKnownFileType = sourcecode.swift; path = Transitioner.swift; sourceTree = "<group>"; };
		B7BE12BE23EB0EC600ADA499 /* Evaluation.swift */ = {isa = PBXFileReference; lastKnownFileType = sourcecode.swift; path = Evaluation.swift; sourceTree = "<group>"; };
		B7CB62F5237BB10800E50204 /* Start.storyboard */ = {isa = PBXFileReference; lastKnownFileType = file.storyboard; path = Start.storyboard; sourceTree = "<group>"; };
		B7D8ECD224082080001B5D2D /* PoisonWhite.swift */ = {isa = PBXFileReference; lastKnownFileType = sourcecode.swift; path = PoisonWhite.swift; sourceTree = "<group>"; };
		B7D8ECD424082096001B5D2D /* PoisonBlack.swift */ = {isa = PBXFileReference; lastKnownFileType = sourcecode.swift; path = PoisonBlack.swift; sourceTree = "<group>"; };
		B7D8ECD6240820DD001B5D2D /* AmazonWhite.swift */ = {isa = PBXFileReference; lastKnownFileType = sourcecode.swift; path = AmazonWhite.swift; sourceTree = "<group>"; };
		B7D8ECD8240820EB001B5D2D /* AmazonBlack.swift */ = {isa = PBXFileReference; lastKnownFileType = sourcecode.swift; path = AmazonBlack.swift; sourceTree = "<group>"; };
		B7D8ECDA240820F9001B5D2D /* HunterWhite.swift */ = {isa = PBXFileReference; lastKnownFileType = sourcecode.swift; path = HunterWhite.swift; sourceTree = "<group>"; };
		B7D8ECDC24082106001B5D2D /* HunterBlack.swift */ = {isa = PBXFileReference; lastKnownFileType = sourcecode.swift; path = HunterBlack.swift; sourceTree = "<group>"; };
		B7D8ECE02408A917001B5D2D /* Landmine.swift */ = {isa = PBXFileReference; lastKnownFileType = sourcecode.swift; path = Landmine.swift; sourceTree = "<group>"; };
		B7D8ECE82408B823001B5D2D /* RevealWhite.swift */ = {isa = PBXFileReference; lastKnownFileType = sourcecode.swift; path = RevealWhite.swift; sourceTree = "<group>"; };
		B7D8ECEA2408B845001B5D2D /* RevealBlack.swift */ = {isa = PBXFileReference; lastKnownFileType = sourcecode.swift; path = RevealBlack.swift; sourceTree = "<group>"; };
		B7ED646323F4D9D400292FBC /* Create.storyboard */ = {isa = PBXFileReference; lastKnownFileType = file.storyboard; path = Create.storyboard; sourceTree = "<group>"; };
		B7ED646723F4DC9B00292FBC /* Create.swift */ = {isa = PBXFileReference; lastKnownFileType = sourcecode.swift; path = Create.swift; sourceTree = "<group>"; };
		B7EF701D23EA28BA00BAF2E2 /* EntityPlayer.swift */ = {isa = PBXFileReference; lastKnownFileType = sourcecode.swift; path = EntityPlayer.swift; sourceTree = "<group>"; };
		B7EF702023EA28E300BAF2E2 /* EntityGame.swift */ = {isa = PBXFileReference; lastKnownFileType = sourcecode.swift; path = EntityGame.swift; sourceTree = "<group>"; };
		B7EF705E23EA48E400BAF2E2 /* ios.entitlements */ = {isa = PBXFileReference; lastKnownFileType = text.plist.entitlements; path = ios.entitlements; sourceTree = "<group>"; };
		B7F35E322309F6D6002018F7 /* DateTime.swift */ = {isa = PBXFileReference; lastKnownFileType = sourcecode.swift; path = DateTime.swift; sourceTree = "<group>"; };
		B7F541C023D51A5A00E89074 /* Home.swift */ = {isa = PBXFileReference; lastKnownFileType = sourcecode.swift; path = Home.swift; sourceTree = "<group>"; };
		B7F541C523D51ADD00E89074 /* HomeTable.swift */ = {isa = PBXFileReference; lastKnownFileType = sourcecode.swift; path = HomeTable.swift; sourceTree = "<group>"; };
		B7F541C723D51B0C00E89074 /* HomeCell.swift */ = {isa = PBXFileReference; lastKnownFileType = sourcecode.swift; path = HomeCell.swift; sourceTree = "<group>"; };
		B7F6F9E523F0B544007D9151 /* UpdateProp.swift */ = {isa = PBXFileReference; lastKnownFileType = sourcecode.swift; path = UpdateProp.swift; sourceTree = "<group>"; };
		B7F6F9E723F0B55C007D9151 /* UpdateEval.swift */ = {isa = PBXFileReference; lastKnownFileType = sourcecode.swift; path = UpdateEval.swift; sourceTree = "<group>"; };
		B7FA7BFA23ECF79400E63045 /* UpdateConfig.swift */ = {isa = PBXFileReference; lastKnownFileType = sourcecode.swift; path = UpdateConfig.swift; sourceTree = "<group>"; };
		C061A60149C81DD0496B1CA3 /* Pods-ios.release.xcconfig */ = {isa = PBXFileReference; includeInIndex = 1; lastKnownFileType = text.xcconfig; name = "Pods-ios.release.xcconfig"; path = "Target Support Files/Pods-ios/Pods-ios.release.xcconfig"; sourceTree = "<group>"; };
/* End PBXFileReference section */

/* Begin PBXFrameworksBuildPhase section */
		B787C72322E970DC009C94F7 /* Frameworks */ = {
			isa = PBXFrameworksBuildPhase;
			buildActionMask = 2147483647;
			files = (
				4E766FB2BBF9176550BB45F9 /* Pods_ios.framework in Frameworks */,
			);
			runOnlyForDeploymentPostprocessing = 0;
		};
		B787C73722E970DD009C94F7 /* Frameworks */ = {
			isa = PBXFrameworksBuildPhase;
			buildActionMask = 2147483647;
			files = (
			);
			runOnlyForDeploymentPostprocessing = 0;
		};
		B787C74222E970DD009C94F7 /* Frameworks */ = {
			isa = PBXFrameworksBuildPhase;
			buildActionMask = 2147483647;
			files = (
			);
			runOnlyForDeploymentPostprocessing = 0;
		};
/* End PBXFrameworksBuildPhase section */

/* Begin PBXGroup section */
		52BB7037F53BE80960F36F73 /* Pods */ = {
			isa = PBXGroup;
			children = (
				AD83F59EDBC27D005F033F41 /* Pods-ios.debug.xcconfig */,
				C061A60149C81DD0496B1CA3 /* Pods-ios.release.xcconfig */,
			);
			path = Pods;
			sourceTree = "<group>";
		};
		835FADA324F00A7B0080A194 /* atomic */ = {
			isa = PBXGroup;
			children = (
				835FADA424F00A910080A194 /* Countdown.swift */,
				83D6E87924F042810071D779 /* Labeler.swift */,
				8379820924F05EE000254FBD /* Highlighter.swift */,
			);
			path = atomic;
			sourceTree = "<group>";
		};
		836267AE258BBB8800A37A29 /* purchase */ = {
			isa = PBXGroup;
			children = (
				837612732589157A00C527D3 /* PopPurchase.storyboard */,
				83761275258919C400C527D3 /* PopPurchase.swift */,
				836267AF258BBBA900A37A29 /* Product.swift */,
				836267B1258BBBDD00A37A29 /* InAppPurchase.swift */,
			);
			path = purchase;
			sourceTree = "<group>";
		};
		8385908A24F98AB700BBC11C /* pop */ = {
			isa = PBXGroup;
			children = (
				83ACC6922500143900D394D0 /* PopPromo.swift */,
				83ACC6942500145200D394D0 /* PopPromo.storyboard */,
				8385908B24F98AD600BBC11C /* TransDelegate.swift */,
				8385908D24F98B2A00BBC11C /* Presenter.swift */,
				83510E002581519600544DA6 /* PopInvite.swift */,
				83510E02258151A300544DA6 /* PopInvite.storyboard */,
			);
			path = pop;
			sourceTree = "<group>";
		};
		83ACC6A62500172C00D394D0 /* networking */ = {
			isa = PBXGroup;
			children = (
				83ACC6A72500173F00D394D0 /* UpdateConfirm.swift */,
			);
			path = networking;
			sourceTree = "<group>";
		};
		83B72B83256716A900FA5D8F /* header */ = {
			isa = PBXGroup;
			children = (
				83B72B84256716C400FA5D8F /* Header.xib */,
				83B72B882567190600FA5D8F /* Header.swift */,
				835C1884256D68D300390AE8 /* HeaderSnapshot.xib */,
				835C18862571573000390AE8 /* HeaderSnapshot.swift */,
			);
			path = header;
			sourceTree = "<group>";
		};
		83DFCF7B25797DB1007088E5 /* leaderboard */ = {
			isa = PBXGroup;
			children = (
				B7AF787223E0B9DA00BAD8EC /* RequestPage.swift */,
				83DFCF7C25797DC3007088E5 /* Leaderboard.storyboard */,
				83DFCF7E25797DD5007088E5 /* Leaderboard.swift */,
				83DFCF802579812B007088E5 /* LeaderboardTable.swift */,
				83DFCF822579813E007088E5 /* LeaderboardCell.swift */,
			);
			path = leaderboard;
			sourceTree = "<group>";
		};
		ABCDD5D6671D39DB5DBFE22A /* Frameworks */ = {
			isa = PBXGroup;
			children = (
				45C0F287A16E70CE8A23A2EB /* Pods_ios.framework */,
			);
			name = Frameworks;
			sourceTree = "<group>";
		};
		B708D0DB236B34F000A899F9 /* init */ = {
			isa = PBXGroup;
			children = (
				B7BE121523EAD7E700ADA499 /* Init.storyboard */,
				B708D0DC236B351000A899F9 /* Init.swift */,
			);
			path = init;
			sourceTree = "<group>";
		};
		B70F0C0522EBBF28001415AE /* start */ = {
			isa = PBXGroup;
			children = (
				B745AD3423F353BF00E450EF /* RequestCreate.swift */,
				B7CB62F5237BB10800E50204 /* Start.storyboard */,
				B7ED646323F4D9D400292FBC /* Create.storyboard */,
				B708D0E8236B369D00A899F9 /* Start.swift */,
				B7ED646723F4DC9B00292FBC /* Create.swift */,
				83D758EB24CA0E79008DC4B5 /* CoreStart.swift */,
				835EE0BF25896FC90064424F /* RequestLogin.swift */,
			);
			path = start;
			sourceTree = "<group>";
		};
		B70F0C0B22EBC05F001415AE /* default */ = {
			isa = PBXGroup;
			children = (
				83085F27248048CD00D31CF0 /* NoteKey.swift */,
				B70F0C1122EBC25C001415AE /* Info.plist */,
				B70F0C0C22EBC075001415AE /* AppDelegate.swift */,
				B708D0E6236B366800A899F9 /* LaunchScreen.storyboard */,
				B7EF705E23EA48E400BAF2E2 /* ios.entitlements */,
			);
			path = default;
			sourceTree = "<group>";
		};
		B787C71D22E970DC009C94F7 = {
			isa = PBXGroup;
			children = (
				B787C72822E970DC009C94F7 /* ios */,
				B787C73D22E970DD009C94F7 /* iosTests */,
				B787C74822E970DD009C94F7 /* iosUITests */,
				B787C72722E970DC009C94F7 /* Products */,
				52BB7037F53BE80960F36F73 /* Pods */,
				ABCDD5D6671D39DB5DBFE22A /* Frameworks */,
			);
			sourceTree = "<group>";
		};
		B787C72722E970DC009C94F7 /* Products */ = {
			isa = PBXGroup;
			children = (
				B787C72622E970DC009C94F7 /* ios.app */,
				B787C73A22E970DD009C94F7 /* iosTests.xctest */,
				B787C74522E970DD009C94F7 /* iosUITests.xctest */,
			);
			name = Products;
			sourceTree = "<group>";
		};
		B787C72822E970DC009C94F7 /* ios */ = {
			isa = PBXGroup;
			children = (
				836267AE258BBB8800A37A29 /* purchase */,
				83DFCF7B25797DB1007088E5 /* leaderboard */,
				83B72B83256716A900FA5D8F /* header */,
				83ACC6A62500172C00D394D0 /* networking */,
				8385908A24F98AB700BBC11C /* pop */,
				B7BE128523EB08FE00ADA499 /* tschess */,
				B7BE121C23EAD8C700ADA499 /* profile */,
				B7BE121B23EAD8BB00ADA499 /* fairies */,
				B7BE121123EAD7AD00ADA499 /* config */,
				B7BE11EE23EAC90A00ADA499 /* edit */,
				B7BE117323EA92BC00ADA499 /* piece */,
				B7BE116D23EA91B700ADA499 /* snapshot */,
				B7BE115E23EA71B300ADA499 /* other */,
				B7EF701723EA27E300BAF2E2 /* entity */,
				B7F541BF23D51A4300E89074 /* home */,
				B708D0DB236B34F000A899F9 /* init */,
				B7C5C00622EF3F1A00BFCB39 /* util */,
				B70F0C0B22EBC05F001415AE /* default */,
				B70F0C0522EBBF28001415AE /* start */,
				B787C73022E970DD009C94F7 /* Assets.xcassets */,
			);
			path = ios;
			sourceTree = "<group>";
		};
		B787C73D22E970DD009C94F7 /* iosTests */ = {
			isa = PBXGroup;
			children = (
				B787C73E22E970DD009C94F7 /* iosTests.swift */,
				B787C74022E970DD009C94F7 /* Info.plist */,
				B70577EF234BD0A500A9E2CA /* TschessTests.swift */,
			);
			path = iosTests;
			sourceTree = "<group>";
		};
		B787C74822E970DD009C94F7 /* iosUITests */ = {
			isa = PBXGroup;
			children = (
				B787C74922E970DD009C94F7 /* iosUITests.swift */,
				B787C74B22E970DD009C94F7 /* Info.plist */,
			);
			path = iosUITests;
			sourceTree = "<group>";
		};
		B7BE115E23EA71B300ADA499 /* other */ = {
			isa = PBXGroup;
			children = (
				B7021F9723FE5D8F00C9346A /* Other.storyboard */,
				B7BE115F23EA71D100ADA499 /* Other.swift */,
				B7BE116423EA727100ADA499 /* OtherTable.swift */,
				B7BE116623EA73DC00ADA499 /* OtherCell.swift */,
			);
			path = other;
			sourceTree = "<group>";
		};
		B7BE116D23EA91B700ADA499 /* snapshot */ = {
			isa = PBXGroup;
			children = (
				B7BE116E23EA91CD00ADA499 /* Snapshot.swift */,
				8307D80625784D990054FDDE /* Snapshot.storyboard */,
			);
			path = snapshot;
			sourceTree = "<group>";
		};
		B7BE117323EA92BC00ADA499 /* piece */ = {
			isa = PBXGroup;
			children = (
				B7BE11A023EA964000ADA499 /* sense */,
				B7BE118523EA949300ADA499 /* fairy */,
				B7BE117823EA93DC00ADA499 /* standard */,
				B7BE117423EA930F00ADA499 /* Piece.swift */,
				B7BE117623EA93A600ADA499 /* PieceAnte.swift */,
			);
			path = piece;
			sourceTree = "<group>";
		};
		B7BE117823EA93DC00ADA499 /* standard */ = {
			isa = PBXGroup;
			children = (
				B7BE11CA23EA9EC300ADA499 /* knight */,
				B7BE11C323EA9E6700ADA499 /* rook */,
				B7BE11BC23EA9E1000ADA499 /* pawn */,
				B7BE11B523EA9D9700ADA499 /* bishop */,
				B7BE11AE23EA9CE600ADA499 /* queen */,
				B7BE11A723EA9C7300ADA499 /* king */,
			);
			path = standard;
			sourceTree = "<group>";
		};
		B7BE118523EA949300ADA499 /* fairy */ = {
			isa = PBXGroup;
			children = (
				B7BE120323EAD3AE00ADA499 /* grasshopper */,
				B7BE120223EAD39100ADA499 /* hunter */,
				B7BE120123EAD38500ADA499 /* amazon */,
				B7BE120023EAD37A00ADA499 /* poison */,
				B7BE120C23EAD42C00ADA499 /* Fairy.swift */,
			);
			path = fairy;
			sourceTree = "<group>";
		};
		B7BE11A023EA964000ADA499 /* sense */ = {
			isa = PBXGroup;
			children = (
				B7BE11A123EA965B00ADA499 /* HorizontalVertical.swift */,
				B7BE11A323EA972D00ADA499 /* Diagonal.swift */,
			);
			path = sense;
			sourceTree = "<group>";
		};
		B7BE11A723EA9C7300ADA499 /* king */ = {
			isa = PBXGroup;
			children = (
				B7BE11D123EAA09700ADA499 /* logic */,
				B7BE11A823EA9C8800ADA499 /* King.swift */,
				B7BE11AA23EA9C9C00ADA499 /* KingWhite.swift */,
				B7BE11AC23EA9CC700ADA499 /* KingBlack.swift */,
			);
			path = king;
			sourceTree = "<group>";
		};
		B7BE11AE23EA9CE600ADA499 /* queen */ = {
			isa = PBXGroup;
			children = (
				B7BE11AF23EA9D2B00ADA499 /* Queen.swift */,
				B7BE11B123EA9D7000ADA499 /* QueenWhite.swift */,
				B7BE11B323EA9D7E00ADA499 /* QueenBlack.swift */,
			);
			path = queen;
			sourceTree = "<group>";
		};
		B7BE11B523EA9D9700ADA499 /* bishop */ = {
			isa = PBXGroup;
			children = (
				B7BE11B623EA9DAC00ADA499 /* Bishop.swift */,
				B7BE11B823EA9DD400ADA499 /* BishopWhite.swift */,
				B7BE11BA23EA9DE200ADA499 /* BishopBlack.swift */,
			);
			path = bishop;
			sourceTree = "<group>";
		};
		B7BE11BC23EA9E1000ADA499 /* pawn */ = {
			isa = PBXGroup;
			children = (
				B7BE12A123EB0BA900ADA499 /* logic */,
				B7BE11BD23EA9E2500ADA499 /* Pawn.swift */,
				B7BE11BF23EA9E3D00ADA499 /* PawnWhite.swift */,
				B7BE11C123EA9E5700ADA499 /* PawnBlack.swift */,
			);
			path = pawn;
			sourceTree = "<group>";
		};
		B7BE11C323EA9E6700ADA499 /* rook */ = {
			isa = PBXGroup;
			children = (
				B7BE11C423EA9E7C00ADA499 /* Rook.swift */,
				B7BE11C623EA9EA700ADA499 /* RookWhite.swift */,
				B7BE11C823EA9EB700ADA499 /* RookBlack.swift */,
			);
			path = rook;
			sourceTree = "<group>";
		};
		B7BE11CA23EA9EC300ADA499 /* knight */ = {
			isa = PBXGroup;
			children = (
				B7BE12AF23EB0D1E00ADA499 /* logic */,
				B7BE11CB23EA9EE900ADA499 /* Knight.swift */,
				B7BE11CD23EA9F1600ADA499 /* KnightWhite.swift */,
				B7BE11CF23EA9F2400ADA499 /* KnightBlack.swift */,
			);
			path = knight;
			sourceTree = "<group>";
		};
		B7BE11D123EAA09700ADA499 /* logic */ = {
			isa = PBXGroup;
			children = (
				B7BE11D223EAA0A600ADA499 /* Castle.swift */,
				B7BE129F23EB0B5800ADA499 /* KingOffense.swift */,
				B7BE12B423EB0DA700ADA499 /* Attack.swift */,
				B7BE12B623EB0DCD00ADA499 /* Threat.swift */,
				B7BE12BE23EB0EC600ADA499 /* Evaluation.swift */,
				B771365123F1D5CF007F0962 /* MovementKing.swift */,
			);
			path = logic;
			sourceTree = "<group>";
		};
		B7BE11D823EAA48500ADA499 /* state */ = {
			isa = PBXGroup;
			children = (
				B7BE11D923EAA4BF00ADA499 /* SerializerState.swift */,
			);
			path = state;
			sourceTree = "<group>";
		};
		B7BE11E623EAC3E900ADA499 /* config */ = {
			isa = PBXGroup;
			children = (
				B7BE11E723EAC40800ADA499 /* SerializerConfig.swift */,
			);
			path = config;
			sourceTree = "<group>";
		};
		B7BE11EE23EAC90A00ADA499 /* edit */ = {
			isa = PBXGroup;
			children = (
				B7FA7BFA23ECF79400E63045 /* UpdateConfig.swift */,
				B7BE11F023EAC92C00ADA499 /* Edit.swift */,
				83DFCF86257AEB56007088E5 /* Edit.storyboard */,
			);
			path = edit;
			sourceTree = "<group>";
		};
		B7BE120023EAD37A00ADA499 /* poison */ = {
			isa = PBXGroup;
			children = (
				B7BE12A823EB0C7000ADA499 /* logic */,
				B7BE120423EAD3C600ADA499 /* Poison.swift */,
				B7D8ECD224082080001B5D2D /* PoisonWhite.swift */,
				B7D8ECD424082096001B5D2D /* PoisonBlack.swift */,
			);
			path = poison;
			sourceTree = "<group>";
		};
		B7BE120123EAD38500ADA499 /* amazon */ = {
			isa = PBXGroup;
			children = (
				B7BE120623EAD3D200ADA499 /* Amazon.swift */,
				B7D8ECD6240820DD001B5D2D /* AmazonWhite.swift */,
				B7D8ECD8240820EB001B5D2D /* AmazonBlack.swift */,
			);
			path = amazon;
			sourceTree = "<group>";
		};
		B7BE120223EAD39100ADA499 /* hunter */ = {
			isa = PBXGroup;
			children = (
				B7BE120823EAD3DD00ADA499 /* Hunter.swift */,
				B7D8ECDA240820F9001B5D2D /* HunterWhite.swift */,
				B7D8ECDC24082106001B5D2D /* HunterBlack.swift */,
			);
			path = hunter;
			sourceTree = "<group>";
		};
		B7BE120323EAD3AE00ADA499 /* grasshopper */ = {
			isa = PBXGroup;
			children = (
				B7BE120E23EAD63000ADA499 /* logic */,
				B7BE120A23EAD3E900ADA499 /* Grasshopper.swift */,
			);
			path = grasshopper;
			sourceTree = "<group>";
		};
		B7BE120E23EAD63000ADA499 /* logic */ = {
			isa = PBXGroup;
			children = (
				B7BE120F23EAD64100ADA499 /* Hopper.swift */,
				B7BE129D23EB0B2A00ADA499 /* HopperOffense.swift */,
			);
			path = logic;
			sourceTree = "<group>";
		};
		B7BE121123EAD7AD00ADA499 /* config */ = {
			isa = PBXGroup;
			children = (
				B7BE121223EAD7BF00ADA499 /* Config.swift */,
				83DFCF7925797492007088E5 /* Config.storyboard */,
			);
			path = config;
			sourceTree = "<group>";
		};
		B7BE121B23EAD8BB00ADA499 /* fairies */ = {
			isa = PBXGroup;
			children = (
				B7BE124723EB023700ADA499 /* Fairies.swift */,
				B7BE124923EB027400ADA499 /* FairiesTable.swift */,
				B7BE124B23EB02A200ADA499 /* FairiesCell.swift */,
				83DFCF84257ADDBE007088E5 /* Fairies.storyboard */,
			);
			path = fairies;
			sourceTree = "<group>";
		};
		B7BE121C23EAD8C700ADA499 /* profile */ = {
			isa = PBXGroup;
			children = (
				B7BE125923EB03F100ADA499 /* networking */,
				B7BE125023EB032E00ADA499 /* Profile.swift */,
				B7BE125223EB035000ADA499 /* ProfileTable.swift */,
				B7BE125423EB038700ADA499 /* ProfileCell.swift */,
				83DFCF7725795948007088E5 /* Profile.storyboard */,
			);
			path = profile;
			sourceTree = "<group>";
		};
		B7BE125923EB03F100ADA499 /* networking */ = {
			isa = PBXGroup;
			children = (
				B7BE125A23EB040600ADA499 /* UpdatePhoto.swift */,
				B7BE125C23EB042A00ADA499 /* UpdateDevice.swift */,
				8358928124BE65A0004F9703 /* UpdatePush.swift */,
			);
			path = networking;
			sourceTree = "<group>";
		};
		B7BE128523EB08FE00ADA499 /* tschess */ = {
			isa = PBXGroup;
			children = (
				835FADA324F00A7B0080A194 /* atomic */,
				B7BE129C23EB0AD000ADA499 /* controller */,
				B7BE128B23EB098A00ADA499 /* networking */,
				B7BE128623EB091C00ADA499 /* Tschess.swift */,
				8307D802257835880054FDDE /* Tschess.storyboard */,
			);
			path = tschess;
			sourceTree = "<group>";
		};
		B7BE128B23EB098A00ADA499 /* networking */ = {
			isa = PBXGroup;
			children = (
				B7BE128C23EB09B400ADA499 /* GameUpdate.swift */,
				B7BE128E23EB09C700ADA499 /* GameRequest.swift */,
				B7BE129023EB09FC00ADA499 /* UpdateResign.swift */,
				B7F6F9E523F0B544007D9151 /* UpdateProp.swift */,
				B7F6F9E723F0B55C007D9151 /* UpdateEval.swift */,
				B771364D23F1C118007F0962 /* UpdateCheck.swift */,
				B771365323F222AF007F0962 /* UpdateMate.swift */,
				B73410ED2408CFA20065B1AA /* UpdateMine.swift */,
				83295C462475C2DE00820C6C /* GetTimeout.swift */,
			);
			path = networking;
			sourceTree = "<group>";
		};
		B7BE129C23EB0AD000ADA499 /* controller */ = {
			isa = PBXGroup;
			children = (
				B7BE12AD23EB0CDB00ADA499 /* Checker.swift */,
				B7BE12B823EB0E1200ADA499 /* Transitioner.swift */,
			);
			path = controller;
			sourceTree = "<group>";
		};
		B7BE12A123EB0BA900ADA499 /* logic */ = {
			isa = PBXGroup;
			children = (
				B7BE12A223EB0BB800ADA499 /* Passant.swift */,
				B7BE12B223EB0D6900ADA499 /* PawnOffense.swift */,
			);
			path = logic;
			sourceTree = "<group>";
		};
		B7BE12A823EB0C7000ADA499 /* logic */ = {
			isa = PBXGroup;
			children = (
				B7D8ECE72408B80D001B5D2D /* reveal */,
				B7D8ECE02408A917001B5D2D /* Landmine.swift */,
			);
			path = logic;
			sourceTree = "<group>";
		};
		B7BE12AF23EB0D1E00ADA499 /* logic */ = {
			isa = PBXGroup;
			children = (
				B7BE12B023EB0D3100ADA499 /* KnightOffense.swift */,
			);
			path = logic;
			sourceTree = "<group>";
		};
		B7C5C00622EF3F1A00BFCB39 /* util */ = {
			isa = PBXGroup;
			children = (
				B7F35E322309F6D6002018F7 /* DateTime.swift */,
				B70A86CA2370989000D303F0 /* ServerAddress.swift */,
				B7BE11D423EAA18000ADA499 /* BoardView.swift */,
				B7BE11D623EAA23200ADA499 /* SquareCell.swift */,
				B7BE11FE23EACCDE00ADA499 /* ConfigCell.swift */,
				B79D05DA2410272500B8A889 /* Const.swift */,
			);
			path = util;
			sourceTree = "<group>";
		};
		B7D8ECE72408B80D001B5D2D /* reveal */ = {
			isa = PBXGroup;
			children = (
				B7D8ECE82408B823001B5D2D /* RevealWhite.swift */,
				B7D8ECEA2408B845001B5D2D /* RevealBlack.swift */,
			);
			path = reveal;
			sourceTree = "<group>";
		};
		B7EF701723EA27E300BAF2E2 /* entity */ = {
			isa = PBXGroup;
			children = (
				B7EF701F23EA28D200BAF2E2 /* game */,
				B7EF701C23EA28A900BAF2E2 /* player */,
			);
			path = entity;
			sourceTree = "<group>";
		};
		B7EF701C23EA28A900BAF2E2 /* player */ = {
			isa = PBXGroup;
			children = (
				B7BE11E623EAC3E900ADA499 /* config */,
				B7EF701D23EA28BA00BAF2E2 /* EntityPlayer.swift */,
				B7BE115C23EA4FBE00ADA499 /* ParsePlayer.swift */,
			);
			path = player;
			sourceTree = "<group>";
		};
		B7EF701F23EA28D200BAF2E2 /* game */ = {
			isa = PBXGroup;
			children = (
				B7BE11D823EAA48500ADA499 /* state */,
				B7EF702023EA28E300BAF2E2 /* EntityGame.swift */,
				B7BE116B23EA750B00ADA499 /* ParseGame.swift */,
			);
			path = game;
			sourceTree = "<group>";
		};
		B7F541BF23D51A4300E89074 /* home */ = {
			isa = PBXGroup;
			children = (
				B7A6B8AC240D9B2300840156 /* RequestActual.swift */,
				830946862566D767003A1B9A /* Home.storyboard */,
				8375E1E8256C0963001809FF /* Opponent.xib */,
				B7F541C023D51A5A00E89074 /* Home.swift */,
				B7F541C523D51ADD00E89074 /* HomeTable.swift */,
				B7F541C723D51B0C00E89074 /* HomeCell.swift */,
				8375E1EA256C0AE9001809FF /* Opponent.swift */,
				83872646257EE9F700F62288 /* RequestAck.swift */,
				83872648257EEAE300F62288 /* RequestChallenge.swift */,
				8387264A257EEBF700F62288 /* UpdateRescind.swift */,
				8387264C257EEC3200F62288 /* UpdateNack.swift */,
			);
			path = home;
			sourceTree = "<group>";
		};
/* End PBXGroup section */

/* Begin PBXNativeTarget section */
		B787C72522E970DC009C94F7 /* ios */ = {
			isa = PBXNativeTarget;
			buildConfigurationList = B787C74E22E970DD009C94F7 /* Build configuration list for PBXNativeTarget "ios" */;
			buildPhases = (
				74E34CF2AFAF76007F9CF207 /* [CP] Check Pods Manifest.lock */,
				B787C72222E970DC009C94F7 /* Sources */,
				B787C72322E970DC009C94F7 /* Frameworks */,
				B787C72422E970DC009C94F7 /* Resources */,
				444AE4608C92E32A56D6EC54 /* [CP] Embed Pods Frameworks */,
			);
			buildRules = (
			);
			dependencies = (
			);
			name = ios;
			productName = ios;
			productReference = B787C72622E970DC009C94F7 /* ios.app */;
			productType = "com.apple.product-type.application";
		};
		B787C73922E970DD009C94F7 /* iosTests */ = {
			isa = PBXNativeTarget;
			buildConfigurationList = B787C75122E970DD009C94F7 /* Build configuration list for PBXNativeTarget "iosTests" */;
			buildPhases = (
				B787C73622E970DD009C94F7 /* Sources */,
				B787C73722E970DD009C94F7 /* Frameworks */,
				B787C73822E970DD009C94F7 /* Resources */,
			);
			buildRules = (
			);
			dependencies = (
				B787C73C22E970DD009C94F7 /* PBXTargetDependency */,
			);
			name = iosTests;
			productName = iosTests;
			productReference = B787C73A22E970DD009C94F7 /* iosTests.xctest */;
			productType = "com.apple.product-type.bundle.unit-test";
		};
		B787C74422E970DD009C94F7 /* iosUITests */ = {
			isa = PBXNativeTarget;
			buildConfigurationList = B787C75422E970DD009C94F7 /* Build configuration list for PBXNativeTarget "iosUITests" */;
			buildPhases = (
				B787C74122E970DD009C94F7 /* Sources */,
				B787C74222E970DD009C94F7 /* Frameworks */,
				B787C74322E970DD009C94F7 /* Resources */,
			);
			buildRules = (
			);
			dependencies = (
				B787C74722E970DD009C94F7 /* PBXTargetDependency */,
			);
			name = iosUITests;
			productName = iosUITests;
			productReference = B787C74522E970DD009C94F7 /* iosUITests.xctest */;
			productType = "com.apple.product-type.bundle.ui-testing";
		};
/* End PBXNativeTarget section */

/* Begin PBXProject section */
		B787C71E22E970DC009C94F7 /* Project object */ = {
			isa = PBXProject;
			attributes = {
				LastSwiftUpdateCheck = 1020;
				LastUpgradeCheck = 1020;
				ORGANIZATIONNAME = bahlsenwitz;
				TargetAttributes = {
					B787C72522E970DC009C94F7 = {
						CreatedOnToolsVersion = 10.2;
						SystemCapabilities = {
							com.apple.BackgroundModes = {
								enabled = 1;
							};
							com.apple.Push = {
								enabled = 1;
							};
						};
					};
					B787C73922E970DD009C94F7 = {
						CreatedOnToolsVersion = 10.2;
						TestTargetID = B787C72522E970DC009C94F7;
					};
					B787C74422E970DD009C94F7 = {
						CreatedOnToolsVersion = 10.2;
						TestTargetID = B787C72522E970DC009C94F7;
					};
				};
			};
			buildConfigurationList = B787C72122E970DC009C94F7 /* Build configuration list for PBXProject "ios" */;
			compatibilityVersion = "Xcode 9.3";
			developmentRegion = en;
			hasScannedForEncodings = 0;
			knownRegions = (
				en,
				Base,
			);
			mainGroup = B787C71D22E970DC009C94F7;
			productRefGroup = B787C72722E970DC009C94F7 /* Products */;
			projectDirPath = "";
			projectRoot = "";
			targets = (
				B787C72522E970DC009C94F7 /* ios */,
				B787C73922E970DD009C94F7 /* iosTests */,
				B787C74422E970DD009C94F7 /* iosUITests */,
			);
		};
/* End PBXProject section */

/* Begin PBXResourcesBuildPhase section */
		B787C72422E970DC009C94F7 /* Resources */ = {
			isa = PBXResourcesBuildPhase;
			buildActionMask = 2147483647;
			files = (
				830946872566D767003A1B9A /* Home.storyboard in Resources */,
				83DFCF85257ADDBE007088E5 /* Fairies.storyboard in Resources */,
				B787C73122E970DD009C94F7 /* Assets.xcassets in Resources */,
				8375E1E9256C0963001809FF /* Opponent.xib in Resources */,
				83B72B85256716C400FA5D8F /* Header.xib in Resources */,
				83DFCF7825795948007088E5 /* Profile.storyboard in Resources */,
				83DFCF7D25797DC3007088E5 /* Leaderboard.storyboard in Resources */,
				B708D0E7236B366800A899F9 /* LaunchScreen.storyboard in Resources */,
				B7CB62F6237BB10800E50204 /* Start.storyboard in Resources */,
				8307D803257835880054FDDE /* Tschess.storyboard in Resources */,
				8307D80725784D990054FDDE /* Snapshot.storyboard in Resources */,
				83ACC6952500145200D394D0 /* PopPromo.storyboard in Resources */,
				83510E03258151A300544DA6 /* PopInvite.storyboard in Resources */,
				835C1885256D68D300390AE8 /* HeaderSnapshot.xib in Resources */,
				B7021F9823FE5D8F00C9346A /* Other.storyboard in Resources */,
				837612742589157A00C527D3 /* PopPurchase.storyboard in Resources */,
				83DFCF7A25797492007088E5 /* Config.storyboard in Resources */,
				B7BE121623EAD7E700ADA499 /* Init.storyboard in Resources */,
				B7ED646423F4D9D400292FBC /* Create.storyboard in Resources */,
				83DFCF87257AEB56007088E5 /* Edit.storyboard in Resources */,
			);
			runOnlyForDeploymentPostprocessing = 0;
		};
		B787C73822E970DD009C94F7 /* Resources */ = {
			isa = PBXResourcesBuildPhase;
			buildActionMask = 2147483647;
			files = (
			);
			runOnlyForDeploymentPostprocessing = 0;
		};
		B787C74322E970DD009C94F7 /* Resources */ = {
			isa = PBXResourcesBuildPhase;
			buildActionMask = 2147483647;
			files = (
			);
			runOnlyForDeploymentPostprocessing = 0;
		};
/* End PBXResourcesBuildPhase section */

/* Begin PBXShellScriptBuildPhase section */
		444AE4608C92E32A56D6EC54 /* [CP] Embed Pods Frameworks */ = {
			isa = PBXShellScriptBuildPhase;
			buildActionMask = 2147483647;
			files = (
			);
			inputFileListPaths = (
				"${PODS_ROOT}/Target Support Files/Pods-ios/Pods-ios-frameworks-${CONFIGURATION}-input-files.xcfilelist",
			);
			name = "[CP] Embed Pods Frameworks";
			outputFileListPaths = (
				"${PODS_ROOT}/Target Support Files/Pods-ios/Pods-ios-frameworks-${CONFIGURATION}-output-files.xcfilelist",
			);
			runOnlyForDeploymentPostprocessing = 0;
			shellPath = /bin/sh;
			shellScript = "\"${PODS_ROOT}/Target Support Files/Pods-ios/Pods-ios-frameworks.sh\"\n";
			showEnvVarsInLog = 0;
		};
		74E34CF2AFAF76007F9CF207 /* [CP] Check Pods Manifest.lock */ = {
			isa = PBXShellScriptBuildPhase;
			buildActionMask = 2147483647;
			files = (
			);
			inputFileListPaths = (
			);
			inputPaths = (
				"${PODS_PODFILE_DIR_PATH}/Podfile.lock",
				"${PODS_ROOT}/Manifest.lock",
			);
			name = "[CP] Check Pods Manifest.lock";
			outputFileListPaths = (
			);
			outputPaths = (
				"$(DERIVED_FILE_DIR)/Pods-ios-checkManifestLockResult.txt",
			);
			runOnlyForDeploymentPostprocessing = 0;
			shellPath = /bin/sh;
			shellScript = "diff \"${PODS_PODFILE_DIR_PATH}/Podfile.lock\" \"${PODS_ROOT}/Manifest.lock\" > /dev/null\nif [ $? != 0 ] ; then\n    # print error to STDERR\n    echo \"error: The sandbox is not in sync with the Podfile.lock. Run 'pod install' or update your CocoaPods installation.\" >&2\n    exit 1\nfi\n# This output is used by Xcode 'outputs' to avoid re-running this script phase.\necho \"SUCCESS\" > \"${SCRIPT_OUTPUT_FILE_0}\"\n";
			showEnvVarsInLog = 0;
		};
/* End PBXShellScriptBuildPhase section */

/* Begin PBXSourcesBuildPhase section */
		B787C72222E970DC009C94F7 /* Sources */ = {
			isa = PBXSourcesBuildPhase;
			buildActionMask = 2147483647;
			files = (
				B7BE12B323EB0D6900ADA499 /* PawnOffense.swift in Sources */,
				B7BE12A323EB0BB800ADA499 /* Passant.swift in Sources */,
				83DFCF812579812B007088E5 /* LeaderboardTable.swift in Sources */,
				83ACC6932500143900D394D0 /* PopPromo.swift in Sources */,
				B7BE11A423EA972D00ADA499 /* Diagonal.swift in Sources */,
				B7BE11C023EA9E3D00ADA499 /* PawnWhite.swift in Sources */,
				8385908C24F98AD600BBC11C /* TransDelegate.swift in Sources */,
				B7BE11B923EA9DD400ADA499 /* BishopWhite.swift in Sources */,
				B7BE128F23EB09C700ADA499 /* GameRequest.swift in Sources */,
				B7BE11BB23EA9DE200ADA499 /* BishopBlack.swift in Sources */,
				83DFCF7F25797DD5007088E5 /* Leaderboard.swift in Sources */,
				B7BE11F123EAC92C00ADA499 /* Edit.swift in Sources */,
				83510E012581519600544DA6 /* PopInvite.swift in Sources */,
				B7BE125523EB038700ADA499 /* ProfileCell.swift in Sources */,
				B7BE125323EB035000ADA499 /* ProfileTable.swift in Sources */,
				B7BE120923EAD3DD00ADA499 /* Hunter.swift in Sources */,
				B7BE11A923EA9C8800ADA499 /* King.swift in Sources */,
				836267B0258BBBA900A37A29 /* Product.swift in Sources */,
				B7BE129123EB09FC00ADA499 /* UpdateResign.swift in Sources */,
				B7D8ECD7240820DD001B5D2D /* AmazonWhite.swift in Sources */,
				835C18872571573000390AE8 /* HeaderSnapshot.swift in Sources */,
				8379820A24F05EE000254FBD /* Highlighter.swift in Sources */,
				B7BE11B223EA9D7000ADA499 /* QueenWhite.swift in Sources */,
				B7BE128723EB091C00ADA499 /* Tschess.swift in Sources */,
				83D6E87A24F042810071D779 /* Labeler.swift in Sources */,
				B70A86CB2370989000D303F0 /* ServerAddress.swift in Sources */,
				B7BE116023EA71D100ADA499 /* Other.swift in Sources */,
				B7BE11C223EA9E5700ADA499 /* PawnBlack.swift in Sources */,
				B7EF702123EA28E300BAF2E2 /* EntityGame.swift in Sources */,
				B7D8ECDB240820F9001B5D2D /* HunterWhite.swift in Sources */,
				B771364E23F1C118007F0962 /* UpdateCheck.swift in Sources */,
				B7BE12BF23EB0EC600ADA499 /* Evaluation.swift in Sources */,
				B708D0DD236B351000A899F9 /* Init.swift in Sources */,
				B7BE124823EB023700ADA499 /* Fairies.swift in Sources */,
				B7BE11D323EAA0A600ADA499 /* Castle.swift in Sources */,
				B771365223F1D5CF007F0962 /* MovementKing.swift in Sources */,
				B7BE11AB23EA9C9C00ADA499 /* KingWhite.swift in Sources */,
				B7BE11FF23EACCDE00ADA499 /* ConfigCell.swift in Sources */,
				B7BE116C23EA750B00ADA499 /* ParseGame.swift in Sources */,
				83761276258919C400C527D3 /* PopPurchase.swift in Sources */,
				B7BE11D023EA9F2400ADA499 /* KnightBlack.swift in Sources */,
				B7BE129E23EB0B2A00ADA499 /* HopperOffense.swift in Sources */,
				83D758EC24CA0E79008DC4B5 /* CoreStart.swift in Sources */,
				B7BE11D523EAA18000ADA499 /* BoardView.swift in Sources */,
				B7BE115D23EA4FBE00ADA499 /* ParsePlayer.swift in Sources */,
				B708D0E9236B369D00A899F9 /* Start.swift in Sources */,
				83872647257EE9F700F62288 /* RequestAck.swift in Sources */,
				835EE0C025896FC90064424F /* RequestLogin.swift in Sources */,
				83ACC6A82500173F00D394D0 /* UpdateConfirm.swift in Sources */,
				B771365423F222AF007F0962 /* UpdateMate.swift in Sources */,
				835FADA524F00A910080A194 /* Countdown.swift in Sources */,
				8387264B257EEBF700F62288 /* UpdateRescind.swift in Sources */,
				8358928224BE65A0004F9703 /* UpdatePush.swift in Sources */,
				B7AF787323E0B9DA00BAD8EC /* RequestPage.swift in Sources */,
				B7BE12AE23EB0CDB00ADA499 /* Checker.swift in Sources */,
				B745AD3523F353BF00E450EF /* RequestCreate.swift in Sources */,
				B7D8ECEB2408B845001B5D2D /* RevealBlack.swift in Sources */,
				B7BE128D23EB09B400ADA499 /* GameUpdate.swift in Sources */,
				B7BE121023EAD64100ADA499 /* Hopper.swift in Sources */,
				B79D05DB2410272500B8A889 /* Const.swift in Sources */,
				836267B2258BBBDD00A37A29 /* InAppPurchase.swift in Sources */,
				83872649257EEAE300F62288 /* RequestChallenge.swift in Sources */,
				B7F541C823D51B0C00E89074 /* HomeCell.swift in Sources */,
				B7D8ECE92408B823001B5D2D /* RevealWhite.swift in Sources */,
				B7BE125123EB032E00ADA499 /* Profile.swift in Sources */,
				B7BE117523EA930F00ADA499 /* Piece.swift in Sources */,
				B7BE120523EAD3C600ADA499 /* Poison.swift in Sources */,
				B7BE11D723EAA23200ADA499 /* SquareCell.swift in Sources */,
				B7BE116523EA727200ADA499 /* OtherTable.swift in Sources */,
				B7BE124C23EB02A200ADA499 /* FairiesCell.swift in Sources */,
				B7BE11C523EA9E7C00ADA499 /* Rook.swift in Sources */,
				83DFCF832579813E007088E5 /* LeaderboardCell.swift in Sources */,
				B7BE117723EA93A600ADA499 /* PieceAnte.swift in Sources */,
				B7D8ECDD24082106001B5D2D /* HunterBlack.swift in Sources */,
				B7FA7BFB23ECF79400E63045 /* UpdateConfig.swift in Sources */,
				B7BE120B23EAD3E900ADA499 /* Grasshopper.swift in Sources */,
				B7BE116F23EA91CD00ADA499 /* Snapshot.swift in Sources */,
				B7D8ECD524082096001B5D2D /* PoisonBlack.swift in Sources */,
				B73410EE2408CFA20065B1AA /* UpdateMine.swift in Sources */,
				B7F541C123D51A5A00E89074 /* Home.swift in Sources */,
				B7BE11AD23EA9CC700ADA499 /* KingBlack.swift in Sources */,
				B7F35E332309F6D6002018F7 /* DateTime.swift in Sources */,
				83295C472475C2DE00820C6C /* GetTimeout.swift in Sources */,
				B7F6F9E623F0B544007D9151 /* UpdateProp.swift in Sources */,
				B7A6B8AD240D9B2300840156 /* RequestActual.swift in Sources */,
				B7BE11CC23EA9EE900ADA499 /* Knight.swift in Sources */,
				B7BE11E823EAC40800ADA499 /* SerializerConfig.swift in Sources */,
				B7D8ECD324082080001B5D2D /* PoisonWhite.swift in Sources */,
				B7BE120D23EAD42C00ADA499 /* Fairy.swift in Sources */,
				83085F28248048CD00D31CF0 /* NoteKey.swift in Sources */,
				B70F0C0D22EBC075001415AE /* AppDelegate.swift in Sources */,
				B7BE11CE23EA9F1600ADA499 /* KnightWhite.swift in Sources */,
				B7BE124A23EB027400ADA499 /* FairiesTable.swift in Sources */,
				8385908E24F98B2A00BBC11C /* Presenter.swift in Sources */,
				B7BE11B023EA9D2B00ADA499 /* Queen.swift in Sources */,
				B7EF701E23EA28BA00BAF2E2 /* EntityPlayer.swift in Sources */,
				8387264D257EEC3200F62288 /* UpdateNack.swift in Sources */,
				B7D8ECD9240820EB001B5D2D /* AmazonBlack.swift in Sources */,
				B7BE11C723EA9EA700ADA499 /* RookWhite.swift in Sources */,
				B7BE11B423EA9D7E00ADA499 /* QueenBlack.swift in Sources */,
				B7BE12A023EB0B5800ADA499 /* KingOffense.swift in Sources */,
				B7BE11DA23EAA4BF00ADA499 /* SerializerState.swift in Sources */,
				B7BE12B123EB0D3100ADA499 /* KnightOffense.swift in Sources */,
				B7ED646823F4DC9B00292FBC /* Create.swift in Sources */,
				83B72B892567190600FA5D8F /* Header.swift in Sources */,
				B7BE11C923EA9EB700ADA499 /* RookBlack.swift in Sources */,
				B7BE120723EAD3D200ADA499 /* Amazon.swift in Sources */,
				B7BE125D23EB042A00ADA499 /* UpdateDevice.swift in Sources */,
				B7BE12B923EB0E1200ADA499 /* Transitioner.swift in Sources */,
				B7BE116723EA73DC00ADA499 /* OtherCell.swift in Sources */,
				B7BE11A223EA965B00ADA499 /* HorizontalVertical.swift in Sources */,
				B7BE11BE23EA9E2500ADA499 /* Pawn.swift in Sources */,
				8375E1EB256C0AE9001809FF /* Opponent.swift in Sources */,
				B7BE12B723EB0DCD00ADA499 /* Threat.swift in Sources */,
				B7BE12B523EB0DA700ADA499 /* Attack.swift in Sources */,
				B7D8ECE12408A917001B5D2D /* Landmine.swift in Sources */,
				B7F6F9E823F0B55C007D9151 /* UpdateEval.swift in Sources */,
				B7BE121323EAD7BF00ADA499 /* Config.swift in Sources */,
				B7BE11B723EA9DAC00ADA499 /* Bishop.swift in Sources */,
				B7F541C623D51ADD00E89074 /* HomeTable.swift in Sources */,
				B7BE125B23EB040600ADA499 /* UpdatePhoto.swift in Sources */,
			);
			runOnlyForDeploymentPostprocessing = 0;
		};
		B787C73622E970DD009C94F7 /* Sources */ = {
			isa = PBXSourcesBuildPhase;
			buildActionMask = 2147483647;
			files = (
				B787C73F22E970DD009C94F7 /* iosTests.swift in Sources */,
				B70577F0234BD0A500A9E2CA /* TschessTests.swift in Sources */,
			);
			runOnlyForDeploymentPostprocessing = 0;
		};
		B787C74122E970DD009C94F7 /* Sources */ = {
			isa = PBXSourcesBuildPhase;
			buildActionMask = 2147483647;
			files = (
				B787C74A22E970DD009C94F7 /* iosUITests.swift in Sources */,
			);
			runOnlyForDeploymentPostprocessing = 0;
		};
/* End PBXSourcesBuildPhase section */

/* Begin PBXTargetDependency section */
		B787C73C22E970DD009C94F7 /* PBXTargetDependency */ = {
			isa = PBXTargetDependency;
			target = B787C72522E970DC009C94F7 /* ios */;
			targetProxy = B787C73B22E970DD009C94F7 /* PBXContainerItemProxy */;
		};
		B787C74722E970DD009C94F7 /* PBXTargetDependency */ = {
			isa = PBXTargetDependency;
			target = B787C72522E970DC009C94F7 /* ios */;
			targetProxy = B787C74622E970DD009C94F7 /* PBXContainerItemProxy */;
		};
/* End PBXTargetDependency section */

/* Begin XCBuildConfiguration section */
		B787C74C22E970DD009C94F7 /* Debug */ = {
			isa = XCBuildConfiguration;
			buildSettings = {
				ALWAYS_SEARCH_USER_PATHS = NO;
				CLANG_ANALYZER_NONNULL = YES;
				CLANG_ANALYZER_NUMBER_OBJECT_CONVERSION = YES_AGGRESSIVE;
				CLANG_CXX_LANGUAGE_STANDARD = "gnu++14";
				CLANG_CXX_LIBRARY = "libc++";
				CLANG_ENABLE_MODULES = YES;
				CLANG_ENABLE_OBJC_ARC = YES;
				CLANG_ENABLE_OBJC_WEAK = YES;
				CLANG_WARN_BLOCK_CAPTURE_AUTORELEASING = YES;
				CLANG_WARN_BOOL_CONVERSION = YES;
				CLANG_WARN_COMMA = YES;
				CLANG_WARN_CONSTANT_CONVERSION = YES;
				CLANG_WARN_DEPRECATED_OBJC_IMPLEMENTATIONS = YES;
				CLANG_WARN_DIRECT_OBJC_ISA_USAGE = YES_ERROR;
				CLANG_WARN_DOCUMENTATION_COMMENTS = YES;
				CLANG_WARN_EMPTY_BODY = YES;
				CLANG_WARN_ENUM_CONVERSION = YES;
				CLANG_WARN_INFINITE_RECURSION = YES;
				CLANG_WARN_INT_CONVERSION = YES;
				CLANG_WARN_NON_LITERAL_NULL_CONVERSION = YES;
				CLANG_WARN_OBJC_IMPLICIT_RETAIN_SELF = YES;
				CLANG_WARN_OBJC_LITERAL_CONVERSION = YES;
				CLANG_WARN_OBJC_ROOT_CLASS = YES_ERROR;
				CLANG_WARN_RANGE_LOOP_ANALYSIS = YES;
				CLANG_WARN_STRICT_PROTOTYPES = YES;
				CLANG_WARN_SUSPICIOUS_MOVE = YES;
				CLANG_WARN_UNGUARDED_AVAILABILITY = YES_AGGRESSIVE;
				CLANG_WARN_UNREACHABLE_CODE = YES;
				CLANG_WARN__DUPLICATE_METHOD_MATCH = YES;
				CODE_SIGN_IDENTITY = "iPhone Distribution";
				CODE_SIGN_STYLE = Manual;
				COPY_PHASE_STRIP = NO;
				DEBUG_INFORMATION_FORMAT = dwarf;
				DEVELOPMENT_TEAM = JZK98QUAAY;
				ENABLE_STRICT_OBJC_MSGSEND = YES;
				ENABLE_TESTABILITY = YES;
				GCC_C_LANGUAGE_STANDARD = gnu11;
				GCC_DYNAMIC_NO_PIC = NO;
				GCC_NO_COMMON_BLOCKS = YES;
				GCC_OPTIMIZATION_LEVEL = 0;
				GCC_PREPROCESSOR_DEFINITIONS = (
					"DEBUG=1",
					"$(inherited)",
				);
				GCC_WARN_64_TO_32_BIT_CONVERSION = YES;
				GCC_WARN_ABOUT_RETURN_TYPE = YES_ERROR;
				GCC_WARN_UNDECLARED_SELECTOR = YES;
				GCC_WARN_UNINITIALIZED_AUTOS = YES_AGGRESSIVE;
				GCC_WARN_UNUSED_FUNCTION = YES;
				GCC_WARN_UNUSED_VARIABLE = YES;
				IPHONEOS_DEPLOYMENT_TARGET = 12.2;
				MTL_ENABLE_DEBUG_INFO = INCLUDE_SOURCE;
				MTL_FAST_MATH = YES;
				ONLY_ACTIVE_ARCH = NO;
				SDKROOT = iphoneos;
				SWIFT_ACTIVE_COMPILATION_CONDITIONS = DEBUG;
				SWIFT_OPTIMIZATION_LEVEL = "-Onone";
				SYSTEM_FRAMEWORK_SEARCH_PATHS = "$(SRCROOT)/**";
			};
			name = Debug;
		};
		B787C74D22E970DD009C94F7 /* Release */ = {
			isa = XCBuildConfiguration;
			buildSettings = {
				ALWAYS_SEARCH_USER_PATHS = NO;
				CLANG_ANALYZER_NONNULL = YES;
				CLANG_ANALYZER_NUMBER_OBJECT_CONVERSION = YES_AGGRESSIVE;
				CLANG_CXX_LANGUAGE_STANDARD = "gnu++14";
				CLANG_CXX_LIBRARY = "libc++";
				CLANG_ENABLE_MODULES = YES;
				CLANG_ENABLE_OBJC_ARC = YES;
				CLANG_ENABLE_OBJC_WEAK = YES;
				CLANG_WARN_BLOCK_CAPTURE_AUTORELEASING = YES;
				CLANG_WARN_BOOL_CONVERSION = YES;
				CLANG_WARN_COMMA = YES;
				CLANG_WARN_CONSTANT_CONVERSION = YES;
				CLANG_WARN_DEPRECATED_OBJC_IMPLEMENTATIONS = YES;
				CLANG_WARN_DIRECT_OBJC_ISA_USAGE = YES_ERROR;
				CLANG_WARN_DOCUMENTATION_COMMENTS = YES;
				CLANG_WARN_EMPTY_BODY = YES;
				CLANG_WARN_ENUM_CONVERSION = YES;
				CLANG_WARN_INFINITE_RECURSION = YES;
				CLANG_WARN_INT_CONVERSION = YES;
				CLANG_WARN_NON_LITERAL_NULL_CONVERSION = YES;
				CLANG_WARN_OBJC_IMPLICIT_RETAIN_SELF = YES;
				CLANG_WARN_OBJC_LITERAL_CONVERSION = YES;
				CLANG_WARN_OBJC_ROOT_CLASS = YES_ERROR;
				CLANG_WARN_RANGE_LOOP_ANALYSIS = YES;
				CLANG_WARN_STRICT_PROTOTYPES = YES;
				CLANG_WARN_SUSPICIOUS_MOVE = YES;
				CLANG_WARN_UNGUARDED_AVAILABILITY = YES_AGGRESSIVE;
				CLANG_WARN_UNREACHABLE_CODE = YES;
				CLANG_WARN__DUPLICATE_METHOD_MATCH = YES;
				CODE_SIGN_IDENTITY = "iPhone Distribution";
				CODE_SIGN_STYLE = Manual;
				COPY_PHASE_STRIP = NO;
				DEBUG_INFORMATION_FORMAT = "dwarf-with-dsym";
				DEVELOPMENT_TEAM = JZK98QUAAY;
				ENABLE_NS_ASSERTIONS = NO;
				ENABLE_STRICT_OBJC_MSGSEND = YES;
				GCC_C_LANGUAGE_STANDARD = gnu11;
				GCC_NO_COMMON_BLOCKS = YES;
				GCC_WARN_64_TO_32_BIT_CONVERSION = YES;
				GCC_WARN_ABOUT_RETURN_TYPE = YES_ERROR;
				GCC_WARN_UNDECLARED_SELECTOR = YES;
				GCC_WARN_UNINITIALIZED_AUTOS = YES_AGGRESSIVE;
				GCC_WARN_UNUSED_FUNCTION = YES;
				GCC_WARN_UNUSED_VARIABLE = YES;
				IPHONEOS_DEPLOYMENT_TARGET = 12.2;
				MTL_ENABLE_DEBUG_INFO = NO;
				MTL_FAST_MATH = YES;
				"PROVISIONING_PROFILE_SPECIFIER[sdk=*]" = "";
				SDKROOT = iphoneos;
				SWIFT_COMPILATION_MODE = wholemodule;
				SWIFT_OPTIMIZATION_LEVEL = "-O";
				"SYSTEM_FRAMEWORK_SEARCH_PATHS[arch=*]" = "$(SRCROOT)/**";
				VALIDATE_PRODUCT = YES;
			};
			name = Release;
		};
		B787C74F22E970DD009C94F7 /* Debug */ = {
			isa = XCBuildConfiguration;
			baseConfigurationReference = AD83F59EDBC27D005F033F41 /* Pods-ios.debug.xcconfig */;
			buildSettings = {
				ASSETCATALOG_COMPILER_APPICON_NAME = AppIcon;
				CODE_SIGN_ENTITLEMENTS = ios/ios.entitlements;
				CODE_SIGN_IDENTITY = "iPhone Developer";
				CODE_SIGN_STYLE = Automatic;
				CURRENT_PROJECT_VERSION = 1;
				DEVELOPMENT_TEAM = JZK98QUAAY;
				INFOPLIST_FILE = ios/default/Info.plist;
				LD_RUNPATH_SEARCH_PATHS = (
					"$(inherited)",
					"@executable_path/Frameworks",
				);
				MARKETING_VERSION = 2.0.1;
				PRODUCT_BUNDLE_IDENTIFIER = io.bahlsenwitz.tschess;
				PRODUCT_NAME = "$(TARGET_NAME)";
				PROVISIONING_PROFILE_SPECIFIER = "";
				SWIFT_VERSION = 5.0;
				"SYSTEM_FRAMEWORK_SEARCH_PATHS[arch=*]" = "";
				TARGETED_DEVICE_FAMILY = 1;
			};
			name = Debug;
		};
		B787C75022E970DD009C94F7 /* Release */ = {
			isa = XCBuildConfiguration;
			baseConfigurationReference = C061A60149C81DD0496B1CA3 /* Pods-ios.release.xcconfig */;
			buildSettings = {
				ASSETCATALOG_COMPILER_APPICON_NAME = AppIcon;
				CODE_SIGN_ENTITLEMENTS = ios/ios.entitlements;
				CODE_SIGN_IDENTITY = "iPhone Developer";
				CODE_SIGN_STYLE = Automatic;
				CURRENT_PROJECT_VERSION = 1;
				DEVELOPMENT_TEAM = JZK98QUAAY;
				INFOPLIST_FILE = ios/default/Info.plist;
				LD_RUNPATH_SEARCH_PATHS = (
					"$(inherited)",
					"@executable_path/Frameworks",
				);
				MARKETING_VERSION = 2.0.1;
				PRODUCT_BUNDLE_IDENTIFIER = io.bahlsenwitz.tschess;
				PRODUCT_NAME = "$(TARGET_NAME)";
				PROVISIONING_PROFILE_SPECIFIER = "";
				SWIFT_VERSION = 5.0;
				"SYSTEM_FRAMEWORK_SEARCH_PATHS[arch=*]" = "";
				TARGETED_DEVICE_FAMILY = 1;
			};
			name = Release;
		};
		B787C75222E970DD009C94F7 /* Debug */ = {
			isa = XCBuildConfiguration;
			buildSettings = {
				ALWAYS_EMBED_SWIFT_STANDARD_LIBRARIES = YES;
				BUNDLE_LOADER = "$(TEST_HOST)";
				CODE_SIGN_STYLE = Automatic;
				DEVELOPMENT_TEAM = JZK98QUAAY;
				INFOPLIST_FILE = iosTests/Info.plist;
				LD_RUNPATH_SEARCH_PATHS = (
					"$(inherited)",
					"@executable_path/Frameworks",
					"@loader_path/Frameworks",
				);
				PRODUCT_BUNDLE_IDENTIFIER = io.tschess.iosTests;
				PRODUCT_NAME = "$(TARGET_NAME)";
				SWIFT_VERSION = 5.0;
				TARGETED_DEVICE_FAMILY = "1,2";
				TEST_HOST = "$(BUILT_PRODUCTS_DIR)/ios.app/ios";
			};
			name = Debug;
		};
		B787C75322E970DD009C94F7 /* Release */ = {
			isa = XCBuildConfiguration;
			buildSettings = {
				ALWAYS_EMBED_SWIFT_STANDARD_LIBRARIES = YES;
				BUNDLE_LOADER = "$(TEST_HOST)";
				CODE_SIGN_STYLE = Automatic;
				DEVELOPMENT_TEAM = JZK98QUAAY;
				INFOPLIST_FILE = iosTests/Info.plist;
				LD_RUNPATH_SEARCH_PATHS = (
					"$(inherited)",
					"@executable_path/Frameworks",
					"@loader_path/Frameworks",
				);
				PRODUCT_BUNDLE_IDENTIFIER = io.tschess.iosTests;
				PRODUCT_NAME = "$(TARGET_NAME)";
				SWIFT_VERSION = 5.0;
				TARGETED_DEVICE_FAMILY = "1,2";
				TEST_HOST = "$(BUILT_PRODUCTS_DIR)/ios.app/ios";
			};
			name = Release;
		};
		B787C75522E970DD009C94F7 /* Debug */ = {
			isa = XCBuildConfiguration;
			buildSettings = {
				ALWAYS_EMBED_SWIFT_STANDARD_LIBRARIES = YES;
				CODE_SIGN_STYLE = Automatic;
				DEVELOPMENT_TEAM = JZK98QUAAY;
				INFOPLIST_FILE = iosUITests/Info.plist;
				LD_RUNPATH_SEARCH_PATHS = (
					"$(inherited)",
					"@executable_path/Frameworks",
					"@loader_path/Frameworks",
				);
				PRODUCT_BUNDLE_IDENTIFIER = io.tschess.iosUITests;
				PRODUCT_NAME = "$(TARGET_NAME)";
				SWIFT_VERSION = 5.0;
				TARGETED_DEVICE_FAMILY = "1,2";
				TEST_TARGET_NAME = ios;
			};
			name = Debug;
		};
		B787C75622E970DD009C94F7 /* Release */ = {
			isa = XCBuildConfiguration;
			buildSettings = {
				ALWAYS_EMBED_SWIFT_STANDARD_LIBRARIES = YES;
				CODE_SIGN_STYLE = Automatic;
				DEVELOPMENT_TEAM = JZK98QUAAY;
				INFOPLIST_FILE = iosUITests/Info.plist;
				LD_RUNPATH_SEARCH_PATHS = (
					"$(inherited)",
					"@executable_path/Frameworks",
					"@loader_path/Frameworks",
				);
				PRODUCT_BUNDLE_IDENTIFIER = io.tschess.iosUITests;
				PRODUCT_NAME = "$(TARGET_NAME)";
				SWIFT_VERSION = 5.0;
				TARGETED_DEVICE_FAMILY = "1,2";
				TEST_TARGET_NAME = ios;
			};
			name = Release;
		};
/* End XCBuildConfiguration section */

/* Begin XCConfigurationList section */
		B787C72122E970DC009C94F7 /* Build configuration list for PBXProject "ios" */ = {
			isa = XCConfigurationList;
			buildConfigurations = (
				B787C74C22E970DD009C94F7 /* Debug */,
				B787C74D22E970DD009C94F7 /* Release */,
			);
			defaultConfigurationIsVisible = 0;
			defaultConfigurationName = Release;
		};
		B787C74E22E970DD009C94F7 /* Build configuration list for PBXNativeTarget "ios" */ = {
			isa = XCConfigurationList;
			buildConfigurations = (
				B787C74F22E970DD009C94F7 /* Debug */,
				B787C75022E970DD009C94F7 /* Release */,
			);
			defaultConfigurationIsVisible = 0;
			defaultConfigurationName = Release;
		};
		B787C75122E970DD009C94F7 /* Build configuration list for PBXNativeTarget "iosTests" */ = {
			isa = XCConfigurationList;
			buildConfigurations = (
				B787C75222E970DD009C94F7 /* Debug */,
				B787C75322E970DD009C94F7 /* Release */,
			);
			defaultConfigurationIsVisible = 0;
			defaultConfigurationName = Release;
		};
		B787C75422E970DD009C94F7 /* Build configuration list for PBXNativeTarget "iosUITests" */ = {
			isa = XCConfigurationList;
			buildConfigurations = (
				B787C75522E970DD009C94F7 /* Debug */,
				B787C75622E970DD009C94F7 /* Release */,
			);
			defaultConfigurationIsVisible = 0;
			defaultConfigurationName = Release;
		};
/* End XCConfigurationList section */
	};
	rootObject = B787C71E22E970DC009C94F7 /* Project object */;
}
